// !$*UTF8*$!
{
	archiveVersion = 1;
	classes = {
	};
	objectVersion = 46;
	objects = {

/* Begin PBXBuildFile section */
		0980514F33274FF5B804C5D4 /* libPods-RCHadotTests.a in Frameworks */ = {isa = PBXBuildFile; fileRef = 218952343D664F4D844C8275 /* libPods-RCHadotTests.a */; };
		6E610F4618FB6ED800247441 /* RCCache.m in Sources */ = {isa = PBXBuildFile; fileRef = 6E610F4518FB6ED800247441 /* RCCache.m */; };
		6E610F4E18FB747100247441 /* RCHTTPClient.m in Sources */ = {isa = PBXBuildFile; fileRef = 6E610F4D18FB747100247441 /* RCHTTPClient.m */; };
		6E610F5318FB7B6500247441 /* RCPList.m in Sources */ = {isa = PBXBuildFile; fileRef = 6E610F5218FB7B6500247441 /* RCPList.m */; };
		6E610F5718FB7DB400247441 /* RCAppConfig.m in Sources */ = {isa = PBXBuildFile; fileRef = 6E610F5618FB7DB400247441 /* RCAppConfig.m */; };
		6E610F5B18FB7FF500247441 /* RCDevice.m in Sources */ = {isa = PBXBuildFile; fileRef = 6E610F5A18FB7FF500247441 /* RCDevice.m */; };
		6E610F6318FBAC1100247441 /* NSManagedObject+RCStorage.m in Sources */ = {isa = PBXBuildFile; fileRef = 6E610F5F18FBAC1100247441 /* NSManagedObject+RCStorage.m */; };
		6E610F6418FBAC1100247441 /* NSString+RCStorage.m in Sources */ = {isa = PBXBuildFile; fileRef = 6E610F6218FBAC1100247441 /* NSString+RCStorage.m */; };
		6E610F6618FBFC1A00247441 /* CoreData.framework in Frameworks */ = {isa = PBXBuildFile; fileRef = 6E610F6518FBFC1A00247441 /* CoreData.framework */; settings = {ATTRIBUTES = (Weak, ); }; };
		6E610F6918FC12E600247441 /* NSString+RCString.m in Sources */ = {isa = PBXBuildFile; fileRef = 6E610F6818FC12E600247441 /* NSString+RCString.m */; };
		6E610F6E18FC131A00247441 /* UIColor+RCColor.m in Sources */ = {isa = PBXBuildFile; fileRef = 6E610F6D18FC131A00247441 /* UIColor+RCColor.m */; };
		6E610F7218FC133700247441 /* UIImage+RCImage.m in Sources */ = {isa = PBXBuildFile; fileRef = 6E610F7118FC133700247441 /* UIImage+RCImage.m */; };
		6E610F7618FC13D700247441 /* RCCrypto.m in Sources */ = {isa = PBXBuildFile; fileRef = 6E610F7518FC13D700247441 /* RCCrypto.m */; };
		6E610F7A18FC141E00247441 /* RCMapLocation.m in Sources */ = {isa = PBXBuildFile; fileRef = 6E610F7918FC141E00247441 /* RCMapLocation.m */; };
		6E610F7E18FC142900247441 /* RCNetWork.m in Sources */ = {isa = PBXBuildFile; fileRef = 6E610F7D18FC142900247441 /* RCNetWork.m */; };
		6E610F8218FC145500247441 /* RCVerify.m in Sources */ = {isa = PBXBuildFile; fileRef = 6E610F8118FC145500247441 /* RCVerify.m */; };
		6EDEB44318EA499300923C26 /* Foundation.framework in Frameworks */ = {isa = PBXBuildFile; fileRef = 6EDEB44218EA499300923C26 /* Foundation.framework */; };
		6EDEB44518EA499300923C26 /* CoreGraphics.framework in Frameworks */ = {isa = PBXBuildFile; fileRef = 6EDEB44418EA499300923C26 /* CoreGraphics.framework */; };
		6EDEB44718EA499300923C26 /* UIKit.framework in Frameworks */ = {isa = PBXBuildFile; fileRef = 6EDEB44618EA499300923C26 /* UIKit.framework */; };
		6EDEB44D18EA499300923C26 /* InfoPlist.strings in Resources */ = {isa = PBXBuildFile; fileRef = 6EDEB44B18EA499300923C26 /* InfoPlist.strings */; };
		6EDEB44F18EA499300923C26 /* main.m in Sources */ = {isa = PBXBuildFile; fileRef = 6EDEB44E18EA499300923C26 /* main.m */; };
		6EDEB45318EA499300923C26 /* RCAppDelegate.m in Sources */ = {isa = PBXBuildFile; fileRef = 6EDEB45218EA499300923C26 /* RCAppDelegate.m */; };
		6EDEB45618EA499300923C26 /* Main.storyboard in Resources */ = {isa = PBXBuildFile; fileRef = 6EDEB45418EA499300923C26 /* Main.storyboard */; };
		6EDEB45918EA499300923C26 /* RCViewController.m in Sources */ = {isa = PBXBuildFile; fileRef = 6EDEB45818EA499300923C26 /* RCViewController.m */; };
		6EDEB45B18EA499300923C26 /* Images.xcassets in Resources */ = {isa = PBXBuildFile; fileRef = 6EDEB45A18EA499300923C26 /* Images.xcassets */; };
		6EDEB46218EA499300923C26 /* XCTest.framework in Frameworks */ = {isa = PBXBuildFile; fileRef = 6EDEB46118EA499300923C26 /* XCTest.framework */; };
		6EDEB46318EA499300923C26 /* Foundation.framework in Frameworks */ = {isa = PBXBuildFile; fileRef = 6EDEB44218EA499300923C26 /* Foundation.framework */; };
		6EDEB46418EA499300923C26 /* UIKit.framework in Frameworks */ = {isa = PBXBuildFile; fileRef = 6EDEB44618EA499300923C26 /* UIKit.framework */; };
		6EDEB46C18EA499300923C26 /* InfoPlist.strings in Resources */ = {isa = PBXBuildFile; fileRef = 6EDEB46A18EA499300923C26 /* InfoPlist.strings */; };
		6EDEB46E18EA499300923C26 /* RCHadotTests.m in Sources */ = {isa = PBXBuildFile; fileRef = 6EDEB46D18EA499300923C26 /* RCHadotTests.m */; };
		6EDEB48518EA4A2500923C26 /* RCBot.m in Sources */ = {isa = PBXBuildFile; fileRef = 6EDEB47918EA4A2500923C26 /* RCBot.m */; };
		6EDEB48618EA4A2500923C26 /* RCControllerTask.m in Sources */ = {isa = PBXBuildFile; fileRef = 6EDEB47B18EA4A2500923C26 /* RCControllerTask.m */; };
		6EDEB48718EA4A2500923C26 /* RCModelTask.m in Sources */ = {isa = PBXBuildFile; fileRef = 6EDEB47E18EA4A2500923C26 /* RCModelTask.m */; };
		6EDEB48818EA4A2500923C26 /* RCObject.m in Sources */ = {isa = PBXBuildFile; fileRef = 6EDEB48018EA4A2500923C26 /* RCObject.m */; };
		6EDEB48918EA4A2500923C26 /* RCTask.m in Sources */ = {isa = PBXBuildFile; fileRef = 6EDEB48218EA4A2500923C26 /* RCTask.m */; };
		6EDEB48A18EA4A2500923C26 /* RCViewTask.m in Sources */ = {isa = PBXBuildFile; fileRef = 6EDEB48418EA4A2500923C26 /* RCViewTask.m */; };
		6EDEB4A618EA5D9700923C26 /* RCNewViewController.m in Sources */ = {isa = PBXBuildFile; fileRef = 6EDEB4A518EA5D9700923C26 /* RCNewViewController.m */; };
		96EB4D4D509A4B24BE5F588E /* libPods.a in Frameworks */ = {isa = PBXBuildFile; fileRef = 5581E9F0DD0A4528BCC62068 /* libPods.a */; };
/* End PBXBuildFile section */

/* Begin PBXContainerItemProxy section */
		6EDEB46518EA499300923C26 /* PBXContainerItemProxy */ = {
			isa = PBXContainerItemProxy;
			containerPortal = 6EDEB43718EA499200923C26 /* Project object */;
			proxyType = 1;
			remoteGlobalIDString = 6EDEB43E18EA499300923C26;
			remoteInfo = RCHadot;
		};
/* End PBXContainerItemProxy section */

/* Begin PBXFileReference section */
		14AFAA95EBAF435999806950 /* Pods-RCHadotTests.xcconfig */ = {isa = PBXFileReference; includeInIndex = 1; lastKnownFileType = text.xcconfig; name = "Pods-RCHadotTests.xcconfig"; path = "Pods/Pods-RCHadotTests.xcconfig"; sourceTree = "<group>"; };
		218952343D664F4D844C8275 /* libPods-RCHadotTests.a */ = {isa = PBXFileReference; explicitFileType = archive.ar; includeInIndex = 0; path = "libPods-RCHadotTests.a"; sourceTree = BUILT_PRODUCTS_DIR; };
		5581E9F0DD0A4528BCC62068 /* libPods.a */ = {isa = PBXFileReference; explicitFileType = archive.ar; includeInIndex = 0; path = libPods.a; sourceTree = BUILT_PRODUCTS_DIR; };
		6E610F4418FB6ED800247441 /* RCCache.h */ = {isa = PBXFileReference; fileEncoding = 4; lastKnownFileType = sourcecode.c.h; path = RCCache.h; sourceTree = "<group>"; };
		6E610F4518FB6ED800247441 /* RCCache.m */ = {isa = PBXFileReference; fileEncoding = 4; lastKnownFileType = sourcecode.c.objc; path = RCCache.m; sourceTree = "<group>"; };
		6E610F4C18FB747100247441 /* RCHTTPClient.h */ = {isa = PBXFileReference; fileEncoding = 4; lastKnownFileType = sourcecode.c.h; path = RCHTTPClient.h; sourceTree = "<group>"; };
		6E610F4D18FB747100247441 /* RCHTTPClient.m */ = {isa = PBXFileReference; fileEncoding = 4; lastKnownFileType = sourcecode.c.objc; path = RCHTTPClient.m; sourceTree = "<group>"; };
		6E610F5118FB7B6500247441 /* RCPList.h */ = {isa = PBXFileReference; fileEncoding = 4; lastKnownFileType = sourcecode.c.h; path = RCPList.h; sourceTree = "<group>"; };
		6E610F5218FB7B6500247441 /* RCPList.m */ = {isa = PBXFileReference; fileEncoding = 4; lastKnownFileType = sourcecode.c.objc; path = RCPList.m; sourceTree = "<group>"; };
		6E610F5518FB7DB400247441 /* RCAppConfig.h */ = {isa = PBXFileReference; fileEncoding = 4; lastKnownFileType = sourcecode.c.h; path = RCAppConfig.h; sourceTree = "<group>"; };
		6E610F5618FB7DB400247441 /* RCAppConfig.m */ = {isa = PBXFileReference; fileEncoding = 4; lastKnownFileType = sourcecode.c.objc; path = RCAppConfig.m; sourceTree = "<group>"; };
		6E610F5918FB7FF500247441 /* RCDevice.h */ = {isa = PBXFileReference; fileEncoding = 4; lastKnownFileType = sourcecode.c.h; path = RCDevice.h; sourceTree = "<group>"; };
		6E610F5A18FB7FF500247441 /* RCDevice.m */ = {isa = PBXFileReference; fileEncoding = 4; lastKnownFileType = sourcecode.c.objc; path = RCDevice.m; sourceTree = "<group>"; };
		6E610F5E18FBAC1100247441 /* NSManagedObject+RCStorage.h */ = {isa = PBXFileReference; fileEncoding = 4; lastKnownFileType = sourcecode.c.h; path = "NSManagedObject+RCStorage.h"; sourceTree = "<group>"; };
		6E610F5F18FBAC1100247441 /* NSManagedObject+RCStorage.m */ = {isa = PBXFileReference; fileEncoding = 4; lastKnownFileType = sourcecode.c.objc; path = "NSManagedObject+RCStorage.m"; sourceTree = "<group>"; };
		6E610F6118FBAC1100247441 /* NSString+RCStorage.h */ = {isa = PBXFileReference; fileEncoding = 4; lastKnownFileType = sourcecode.c.h; path = "NSString+RCStorage.h"; sourceTree = "<group>"; };
		6E610F6218FBAC1100247441 /* NSString+RCStorage.m */ = {isa = PBXFileReference; fileEncoding = 4; lastKnownFileType = sourcecode.c.objc; path = "NSString+RCStorage.m"; sourceTree = "<group>"; };
		6E610F6518FBFC1A00247441 /* CoreData.framework */ = {isa = PBXFileReference; lastKnownFileType = wrapper.framework; name = CoreData.framework; path = System/Library/Frameworks/CoreData.framework; sourceTree = SDKROOT; };
		6E610F6718FC12E600247441 /* NSString+RCString.h */ = {isa = PBXFileReference; fileEncoding = 4; lastKnownFileType = sourcecode.c.h; path = "NSString+RCString.h"; sourceTree = "<group>"; };
		6E610F6818FC12E600247441 /* NSString+RCString.m */ = {isa = PBXFileReference; fileEncoding = 4; lastKnownFileType = sourcecode.c.objc; path = "NSString+RCString.m"; sourceTree = "<group>"; };
		6E610F6A18FC12F800247441 /* RCAdditions.h */ = {isa = PBXFileReference; lastKnownFileType = sourcecode.c.h; path = RCAdditions.h; sourceTree = "<group>"; };
		6E610F6C18FC131A00247441 /* UIColor+RCColor.h */ = {isa = PBXFileReference; fileEncoding = 4; lastKnownFileType = sourcecode.c.h; path = "UIColor+RCColor.h"; sourceTree = "<group>"; };
		6E610F6D18FC131A00247441 /* UIColor+RCColor.m */ = {isa = PBXFileReference; fileEncoding = 4; lastKnownFileType = sourcecode.c.objc; path = "UIColor+RCColor.m"; sourceTree = "<group>"; };
		6E610F7018FC133700247441 /* UIImage+RCImage.h */ = {isa = PBXFileReference; fileEncoding = 4; lastKnownFileType = sourcecode.c.h; path = "UIImage+RCImage.h"; sourceTree = "<group>"; };
		6E610F7118FC133700247441 /* UIImage+RCImage.m */ = {isa = PBXFileReference; fileEncoding = 4; lastKnownFileType = sourcecode.c.objc; path = "UIImage+RCImage.m"; sourceTree = "<group>"; };
		6E610F7418FC13D700247441 /* RCCrypto.h */ = {isa = PBXFileReference; fileEncoding = 4; lastKnownFileType = sourcecode.c.h; path = RCCrypto.h; sourceTree = "<group>"; };
		6E610F7518FC13D700247441 /* RCCrypto.m */ = {isa = PBXFileReference; fileEncoding = 4; lastKnownFileType = sourcecode.c.objc; path = RCCrypto.m; sourceTree = "<group>"; };
		6E610F7818FC141E00247441 /* RCMapLocation.h */ = {isa = PBXFileReference; fileEncoding = 4; lastKnownFileType = sourcecode.c.h; path = RCMapLocation.h; sourceTree = "<group>"; };
		6E610F7918FC141E00247441 /* RCMapLocation.m */ = {isa = PBXFileReference; fileEncoding = 4; lastKnownFileType = sourcecode.c.objc; path = RCMapLocation.m; sourceTree = "<group>"; };
		6E610F7C18FC142900247441 /* RCNetWork.h */ = {isa = PBXFileReference; fileEncoding = 4; lastKnownFileType = sourcecode.c.h; path = RCNetWork.h; sourceTree = "<group>"; };
		6E610F7D18FC142900247441 /* RCNetWork.m */ = {isa = PBXFileReference; fileEncoding = 4; lastKnownFileType = sourcecode.c.objc; path = RCNetWork.m; sourceTree = "<group>"; };
		6E610F8018FC145500247441 /* RCVerify.h */ = {isa = PBXFileReference; fileEncoding = 4; lastKnownFileType = sourcecode.c.h; path = RCVerify.h; sourceTree = "<group>"; };
		6E610F8118FC145500247441 /* RCVerify.m */ = {isa = PBXFileReference; fileEncoding = 4; lastKnownFileType = sourcecode.c.objc; path = RCVerify.m; sourceTree = "<group>"; };
		6EDEB43F18EA499300923C26 /* RCHadotExample.app */ = {isa = PBXFileReference; explicitFileType = wrapper.application; includeInIndex = 0; path = RCHadotExample.app; sourceTree = BUILT_PRODUCTS_DIR; };
		6EDEB44218EA499300923C26 /* Foundation.framework */ = {isa = PBXFileReference; lastKnownFileType = wrapper.framework; name = Foundation.framework; path = System/Library/Frameworks/Foundation.framework; sourceTree = SDKROOT; };
		6EDEB44418EA499300923C26 /* CoreGraphics.framework */ = {isa = PBXFileReference; lastKnownFileType = wrapper.framework; name = CoreGraphics.framework; path = System/Library/Frameworks/CoreGraphics.framework; sourceTree = SDKROOT; };
		6EDEB44618EA499300923C26 /* UIKit.framework */ = {isa = PBXFileReference; lastKnownFileType = wrapper.framework; name = UIKit.framework; path = System/Library/Frameworks/UIKit.framework; sourceTree = SDKROOT; };
		6EDEB44A18EA499300923C26 /* RCHadot-Info.plist */ = {isa = PBXFileReference; lastKnownFileType = text.plist.xml; path = "RCHadot-Info.plist"; sourceTree = "<group>"; };
		6EDEB44C18EA499300923C26 /* en */ = {isa = PBXFileReference; lastKnownFileType = text.plist.strings; name = en; path = en.lproj/InfoPlist.strings; sourceTree = "<group>"; };
		6EDEB44E18EA499300923C26 /* main.m */ = {isa = PBXFileReference; lastKnownFileType = sourcecode.c.objc; path = main.m; sourceTree = "<group>"; };
		6EDEB45018EA499300923C26 /* RCHadot-Prefix.pch */ = {isa = PBXFileReference; lastKnownFileType = sourcecode.c.h; path = "RCHadot-Prefix.pch"; sourceTree = "<group>"; };
		6EDEB45118EA499300923C26 /* RCAppDelegate.h */ = {isa = PBXFileReference; lastKnownFileType = sourcecode.c.h; path = RCAppDelegate.h; sourceTree = "<group>"; };
		6EDEB45218EA499300923C26 /* RCAppDelegate.m */ = {isa = PBXFileReference; lastKnownFileType = sourcecode.c.objc; path = RCAppDelegate.m; sourceTree = "<group>"; };
		6EDEB45518EA499300923C26 /* Base */ = {isa = PBXFileReference; lastKnownFileType = file.storyboard; name = Base; path = Base.lproj/Main.storyboard; sourceTree = "<group>"; };
		6EDEB45718EA499300923C26 /* RCViewController.h */ = {isa = PBXFileReference; lastKnownFileType = sourcecode.c.h; path = RCViewController.h; sourceTree = "<group>"; };
		6EDEB45818EA499300923C26 /* RCViewController.m */ = {isa = PBXFileReference; lastKnownFileType = sourcecode.c.objc; path = RCViewController.m; sourceTree = "<group>"; };
		6EDEB45A18EA499300923C26 /* Images.xcassets */ = {isa = PBXFileReference; lastKnownFileType = folder.assetcatalog; path = Images.xcassets; sourceTree = "<group>"; };
		6EDEB46018EA499300923C26 /* RCHadotTests.xctest */ = {isa = PBXFileReference; explicitFileType = wrapper.cfbundle; includeInIndex = 0; path = RCHadotTests.xctest; sourceTree = BUILT_PRODUCTS_DIR; };
		6EDEB46118EA499300923C26 /* XCTest.framework */ = {isa = PBXFileReference; lastKnownFileType = wrapper.framework; name = XCTest.framework; path = Library/Frameworks/XCTest.framework; sourceTree = DEVELOPER_DIR; };
		6EDEB46918EA499300923C26 /* RCHadotTests-Info.plist */ = {isa = PBXFileReference; lastKnownFileType = text.plist.xml; path = "RCHadotTests-Info.plist"; sourceTree = "<group>"; };
		6EDEB46B18EA499300923C26 /* en */ = {isa = PBXFileReference; lastKnownFileType = text.plist.strings; name = en; path = en.lproj/InfoPlist.strings; sourceTree = "<group>"; };
		6EDEB46D18EA499300923C26 /* RCHadotTests.m */ = {isa = PBXFileReference; lastKnownFileType = sourcecode.c.objc; path = RCHadotTests.m; sourceTree = "<group>"; };
		6EDEB47818EA4A2500923C26 /* RCBot.h */ = {isa = PBXFileReference; fileEncoding = 4; lastKnownFileType = sourcecode.c.h; path = RCBot.h; sourceTree = "<group>"; };
		6EDEB47918EA4A2500923C26 /* RCBot.m */ = {isa = PBXFileReference; fileEncoding = 4; lastKnownFileType = sourcecode.c.objc; path = RCBot.m; sourceTree = "<group>"; };
		6EDEB47A18EA4A2500923C26 /* RCControllerTask.h */ = {isa = PBXFileReference; fileEncoding = 4; lastKnownFileType = sourcecode.c.h; path = RCControllerTask.h; sourceTree = "<group>"; };
		6EDEB47B18EA4A2500923C26 /* RCControllerTask.m */ = {isa = PBXFileReference; fileEncoding = 4; lastKnownFileType = sourcecode.c.objc; path = RCControllerTask.m; sourceTree = "<group>"; };
		6EDEB47C18EA4A2500923C26 /* RCHadot.h */ = {isa = PBXFileReference; fileEncoding = 4; lastKnownFileType = sourcecode.c.h; path = RCHadot.h; sourceTree = "<group>"; };
		6EDEB47D18EA4A2500923C26 /* RCModelTask.h */ = {isa = PBXFileReference; fileEncoding = 4; lastKnownFileType = sourcecode.c.h; path = RCModelTask.h; sourceTree = "<group>"; };
		6EDEB47E18EA4A2500923C26 /* RCModelTask.m */ = {isa = PBXFileReference; fileEncoding = 4; lastKnownFileType = sourcecode.c.objc; path = RCModelTask.m; sourceTree = "<group>"; };
		6EDEB47F18EA4A2500923C26 /* RCObject.h */ = {isa = PBXFileReference; fileEncoding = 4; lastKnownFileType = sourcecode.c.h; path = RCObject.h; sourceTree = "<group>"; };
		6EDEB48018EA4A2500923C26 /* RCObject.m */ = {isa = PBXFileReference; fileEncoding = 4; lastKnownFileType = sourcecode.c.objc; path = RCObject.m; sourceTree = "<group>"; };
		6EDEB48118EA4A2500923C26 /* RCTask.h */ = {isa = PBXFileReference; fileEncoding = 4; lastKnownFileType = sourcecode.c.h; path = RCTask.h; sourceTree = "<group>"; };
		6EDEB48218EA4A2500923C26 /* RCTask.m */ = {isa = PBXFileReference; fileEncoding = 4; lastKnownFileType = sourcecode.c.objc; path = RCTask.m; sourceTree = "<group>"; };
		6EDEB48318EA4A2500923C26 /* RCViewTask.h */ = {isa = PBXFileReference; fileEncoding = 4; lastKnownFileType = sourcecode.c.h; path = RCViewTask.h; sourceTree = "<group>"; };
		6EDEB48418EA4A2500923C26 /* RCViewTask.m */ = {isa = PBXFileReference; fileEncoding = 4; lastKnownFileType = sourcecode.c.objc; path = RCViewTask.m; sourceTree = "<group>"; };
		6EDEB4A418EA5D9700923C26 /* RCNewViewController.h */ = {isa = PBXFileReference; fileEncoding = 4; lastKnownFileType = sourcecode.c.h; path = RCNewViewController.h; sourceTree = "<group>"; };
		6EDEB4A518EA5D9700923C26 /* RCNewViewController.m */ = {isa = PBXFileReference; fileEncoding = 4; lastKnownFileType = sourcecode.c.objc; path = RCNewViewController.m; sourceTree = "<group>"; };
		6EDEB4A818EA62BC00923C26 /* RCDefaultTasks.h */ = {isa = PBXFileReference; lastKnownFileType = sourcecode.c.h; path = RCDefaultTasks.h; sourceTree = "<group>"; };
		79EC0D202DD24712B890A49A /* Pods.xcconfig */ = {isa = PBXFileReference; includeInIndex = 1; lastKnownFileType = text.xcconfig; name = Pods.xcconfig; path = Pods/Pods.xcconfig; sourceTree = "<group>"; };
/* End PBXFileReference section */

/* Begin PBXFrameworksBuildPhase section */
		6EDEB43C18EA499300923C26 /* Frameworks */ = {
			isa = PBXFrameworksBuildPhase;
			buildActionMask = 2147483647;
			files = (
				6E610F6618FBFC1A00247441 /* CoreData.framework in Frameworks */,
				6EDEB44518EA499300923C26 /* CoreGraphics.framework in Frameworks */,
				6EDEB44718EA499300923C26 /* UIKit.framework in Frameworks */,
				6EDEB44318EA499300923C26 /* Foundation.framework in Frameworks */,
				96EB4D4D509A4B24BE5F588E /* libPods.a in Frameworks */,
			);
			runOnlyForDeploymentPostprocessing = 0;
		};
		6EDEB45D18EA499300923C26 /* Frameworks */ = {
			isa = PBXFrameworksBuildPhase;
			buildActionMask = 2147483647;
			files = (
				6EDEB46218EA499300923C26 /* XCTest.framework in Frameworks */,
				6EDEB46418EA499300923C26 /* UIKit.framework in Frameworks */,
				6EDEB46318EA499300923C26 /* Foundation.framework in Frameworks */,
				0980514F33274FF5B804C5D4 /* libPods-RCHadotTests.a in Frameworks */,
			);
			runOnlyForDeploymentPostprocessing = 0;
		};
/* End PBXFrameworksBuildPhase section */

/* Begin PBXGroup section */
		6E610F4318FB6EBC00247441 /* RCCache */ = {
			isa = PBXGroup;
			children = (
				6E610F4418FB6ED800247441 /* RCCache.h */,
				6E610F4518FB6ED800247441 /* RCCache.m */,
			);
			path = RCCache;
			sourceTree = "<group>";
		};
		6E610F4B18FB747100247441 /* RCHTTPClient */ = {
			isa = PBXGroup;
			children = (
				6E610F4C18FB747100247441 /* RCHTTPClient.h */,
				6E610F4D18FB747100247441 /* RCHTTPClient.m */,
			);
			path = RCHTTPClient;
			sourceTree = "<group>";
		};
		6E610F5018FB7B6500247441 /* RCPList */ = {
			isa = PBXGroup;
			children = (
				6E610F5118FB7B6500247441 /* RCPList.h */,
				6E610F5218FB7B6500247441 /* RCPList.m */,
			);
			path = RCPList;
			sourceTree = "<group>";
		};
		6E610F5418FB7DB400247441 /* RCAppConfig */ = {
			isa = PBXGroup;
			children = (
				6E610F5518FB7DB400247441 /* RCAppConfig.h */,
				6E610F5618FB7DB400247441 /* RCAppConfig.m */,
			);
			path = RCAppConfig;
			sourceTree = "<group>";
		};
		6E610F5818FB7FF500247441 /* RCDevice */ = {
			isa = PBXGroup;
			children = (
				6E610F5918FB7FF500247441 /* RCDevice.h */,
				6E610F5A18FB7FF500247441 /* RCDevice.m */,
			);
			path = RCDevice;
			sourceTree = "<group>";
		};
		6E610F5C18FBAC1100247441 /* RCAdditions */ = {
			isa = PBXGroup;
			children = (
				6E610F6A18FC12F800247441 /* RCAdditions.h */,
				6E610F6F18FC132400247441 /* UIImage */,
				6E610F6B18FC130000247441 /* UIColor */,
				6E610F5D18FBAC1100247441 /* CoreData */,
				6E610F6018FBAC1100247441 /* NSString */,
			);
			path = RCAdditions;
			sourceTree = "<group>";
		};
		6E610F5D18FBAC1100247441 /* CoreData */ = {
			isa = PBXGroup;
			children = (
				6E610F5E18FBAC1100247441 /* NSManagedObject+RCStorage.h */,
				6E610F5F18FBAC1100247441 /* NSManagedObject+RCStorage.m */,
			);
			path = CoreData;
			sourceTree = "<group>";
		};
		6E610F6018FBAC1100247441 /* NSString */ = {
			isa = PBXGroup;
			children = (
				6E610F6118FBAC1100247441 /* NSString+RCStorage.h */,
				6E610F6218FBAC1100247441 /* NSString+RCStorage.m */,
				6E610F6718FC12E600247441 /* NSString+RCString.h */,
				6E610F6818FC12E600247441 /* NSString+RCString.m */,
			);
			path = NSString;
			sourceTree = "<group>";
		};
		6E610F6B18FC130000247441 /* UIColor */ = {
			isa = PBXGroup;
			children = (
				6E610F6C18FC131A00247441 /* UIColor+RCColor.h */,
				6E610F6D18FC131A00247441 /* UIColor+RCColor.m */,
			);
			name = UIColor;
			sourceTree = "<group>";
		};
		6E610F6F18FC132400247441 /* UIImage */ = {
			isa = PBXGroup;
			children = (
				6E610F7018FC133700247441 /* UIImage+RCImage.h */,
				6E610F7118FC133700247441 /* UIImage+RCImage.m */,
			);
			name = UIImage;
			sourceTree = "<group>";
		};
		6E610F7318FC13D700247441 /* RCCrypto */ = {
			isa = PBXGroup;
			children = (
				6E610F7418FC13D700247441 /* RCCrypto.h */,
				6E610F7518FC13D700247441 /* RCCrypto.m */,
			);
			path = RCCrypto;
			sourceTree = "<group>";
		};
		6E610F7718FC141E00247441 /* RCMapLocation */ = {
			isa = PBXGroup;
			children = (
				6E610F7818FC141E00247441 /* RCMapLocation.h */,
				6E610F7918FC141E00247441 /* RCMapLocation.m */,
			);
			path = RCMapLocation;
			sourceTree = "<group>";
		};
		6E610F7B18FC142900247441 /* RCNetWork */ = {
			isa = PBXGroup;
			children = (
				6E610F7C18FC142900247441 /* RCNetWork.h */,
				6E610F7D18FC142900247441 /* RCNetWork.m */,
			);
			path = RCNetWork;
			sourceTree = "<group>";
		};
		6E610F7F18FC145500247441 /* RCVerify */ = {
			isa = PBXGroup;
			children = (
				6E610F8018FC145500247441 /* RCVerify.h */,
				6E610F8118FC145500247441 /* RCVerify.m */,
			);
			path = RCVerify;
			sourceTree = "<group>";
		};
		6EDEB43618EA499200923C26 = {
			isa = PBXGroup;
			children = (
				6EDEB47718EA4A2500923C26 /* RCHadot */,
				6EDEB44818EA499300923C26 /* RCHadotExample */,
				6EDEB46718EA499300923C26 /* RCHadotTests */,
				6EDEB44118EA499300923C26 /* Frameworks */,
				6EDEB44018EA499300923C26 /* Products */,
				79EC0D202DD24712B890A49A /* Pods.xcconfig */,
				14AFAA95EBAF435999806950 /* Pods-RCHadotTests.xcconfig */,
			);
			sourceTree = "<group>";
		};
		6EDEB44018EA499300923C26 /* Products */ = {
			isa = PBXGroup;
			children = (
				6EDEB43F18EA499300923C26 /* RCHadotExample.app */,
				6EDEB46018EA499300923C26 /* RCHadotTests.xctest */,
			);
			name = Products;
			sourceTree = "<group>";
		};
		6EDEB44118EA499300923C26 /* Frameworks */ = {
			isa = PBXGroup;
			children = (
				6E610F6518FBFC1A00247441 /* CoreData.framework */,
				6EDEB44218EA499300923C26 /* Foundation.framework */,
				6EDEB44418EA499300923C26 /* CoreGraphics.framework */,
				6EDEB44618EA499300923C26 /* UIKit.framework */,
				6EDEB46118EA499300923C26 /* XCTest.framework */,
				5581E9F0DD0A4528BCC62068 /* libPods.a */,
				218952343D664F4D844C8275 /* libPods-RCHadotTests.a */,
			);
			name = Frameworks;
			sourceTree = "<group>";
		};
		6EDEB44818EA499300923C26 /* RCHadotExample */ = {
			isa = PBXGroup;
			children = (
				6EDEB4A718EA5DA500923C26 /* Controllers */,
				6EDEB45118EA499300923C26 /* RCAppDelegate.h */,
				6EDEB45218EA499300923C26 /* RCAppDelegate.m */,
				6EDEB45418EA499300923C26 /* Main.storyboard */,
				6EDEB45A18EA499300923C26 /* Images.xcassets */,
				6EDEB44918EA499300923C26 /* Supporting Files */,
			);
			path = RCHadotExample;
			sourceTree = "<group>";
		};
		6EDEB44918EA499300923C26 /* Supporting Files */ = {
			isa = PBXGroup;
			children = (
				6EDEB44A18EA499300923C26 /* RCHadot-Info.plist */,
				6EDEB44B18EA499300923C26 /* InfoPlist.strings */,
				6EDEB44E18EA499300923C26 /* main.m */,
				6EDEB45018EA499300923C26 /* RCHadot-Prefix.pch */,
			);
			name = "Supporting Files";
			sourceTree = "<group>";
		};
		6EDEB46718EA499300923C26 /* RCHadotTests */ = {
			isa = PBXGroup;
			children = (
				6EDEB46D18EA499300923C26 /* RCHadotTests.m */,
				6EDEB46818EA499300923C26 /* Supporting Files */,
			);
			path = RCHadotTests;
			sourceTree = "<group>";
		};
		6EDEB46818EA499300923C26 /* Supporting Files */ = {
			isa = PBXGroup;
			children = (
				6EDEB46918EA499300923C26 /* RCHadotTests-Info.plist */,
				6EDEB46A18EA499300923C26 /* InfoPlist.strings */,
			);
			name = "Supporting Files";
			sourceTree = "<group>";
		};
		6EDEB47718EA4A2500923C26 /* RCHadot */ = {
			isa = PBXGroup;
			children = (
				6E610F7F18FC145500247441 /* RCVerify */,
				6E610F7B18FC142900247441 /* RCNetWork */,
				6E610F7718FC141E00247441 /* RCMapLocation */,
				6E610F7318FC13D700247441 /* RCCrypto */,
				6E610F5C18FBAC1100247441 /* RCAdditions */,
				6E610F5818FB7FF500247441 /* RCDevice */,
				6E610F5418FB7DB400247441 /* RCAppConfig */,
				6E610F5018FB7B6500247441 /* RCPList */,
				6E610F4B18FB747100247441 /* RCHTTPClient */,
				6E610F4318FB6EBC00247441 /* RCCache */,
				6EDEB49118EA4AC100923C26 /* RCObject */,
				6EDEB48C18EA4A5200923C26 /* RCTasks */,
				6EDEB48B18EA4A4500923C26 /* RCBot */,
				6EDEB47C18EA4A2500923C26 /* RCHadot.h */,
				6EDEB4A818EA62BC00923C26 /* RCDefaultTasks.h */,
			);
			path = RCHadot;
			sourceTree = "<group>";
		};
		6EDEB48B18EA4A4500923C26 /* RCBot */ = {
			isa = PBXGroup;
			children = (
				6EDEB47818EA4A2500923C26 /* RCBot.h */,
				6EDEB47918EA4A2500923C26 /* RCBot.m */,
			);
			path = RCBot;
			sourceTree = "<group>";
		};
		6EDEB48C18EA4A5200923C26 /* RCTasks */ = {
			isa = PBXGroup;
			children = (
				6EDEB48E18EA4A6700923C26 /* RCModelTask */,
				6EDEB48F18EA4A7900923C26 /* RCViewTask */,
				6EDEB49018EA4A8D00923C26 /* RCControllerTask */,
				6EDEB48D18EA4A5C00923C26 /* RCTask */,
			);
			path = RCTasks;
			sourceTree = "<group>";
		};
		6EDEB48D18EA4A5C00923C26 /* RCTask */ = {
			isa = PBXGroup;
			children = (
				6EDEB48118EA4A2500923C26 /* RCTask.h */,
				6EDEB48218EA4A2500923C26 /* RCTask.m */,
			);
			path = RCTask;
			sourceTree = "<group>";
		};
		6EDEB48E18EA4A6700923C26 /* RCModelTask */ = {
			isa = PBXGroup;
			children = (
				6EDEB47D18EA4A2500923C26 /* RCModelTask.h */,
				6EDEB47E18EA4A2500923C26 /* RCModelTask.m */,
			);
			path = RCModelTask;
			sourceTree = "<group>";
		};
		6EDEB48F18EA4A7900923C26 /* RCViewTask */ = {
			isa = PBXGroup;
			children = (
				6EDEB48318EA4A2500923C26 /* RCViewTask.h */,
				6EDEB48418EA4A2500923C26 /* RCViewTask.m */,
			);
			path = RCViewTask;
			sourceTree = "<group>";
		};
		6EDEB49018EA4A8D00923C26 /* RCControllerTask */ = {
			isa = PBXGroup;
			children = (
				6EDEB47A18EA4A2500923C26 /* RCControllerTask.h */,
				6EDEB47B18EA4A2500923C26 /* RCControllerTask.m */,
			);
			path = RCControllerTask;
			sourceTree = "<group>";
		};
		6EDEB49118EA4AC100923C26 /* RCObject */ = {
			isa = PBXGroup;
			children = (
				6EDEB47F18EA4A2500923C26 /* RCObject.h */,
				6EDEB48018EA4A2500923C26 /* RCObject.m */,
			);
			path = RCObject;
			sourceTree = "<group>";
		};
		6EDEB4A718EA5DA500923C26 /* Controllers */ = {
			isa = PBXGroup;
			children = (
				6EDEB45718EA499300923C26 /* RCViewController.h */,
				6EDEB45818EA499300923C26 /* RCViewController.m */,
				6EDEB4A418EA5D9700923C26 /* RCNewViewController.h */,
				6EDEB4A518EA5D9700923C26 /* RCNewViewController.m */,
			);
			name = Controllers;
			sourceTree = "<group>";
		};
/* End PBXGroup section */

/* Begin PBXNativeTarget section */
		6EDEB43E18EA499300923C26 /* RCHadotExample */ = {
			isa = PBXNativeTarget;
			buildConfigurationList = 6EDEB47118EA499300923C26 /* Build configuration list for PBXNativeTarget "RCHadotExample" */;
			buildPhases = (
				18E2AB2C0A7146748F5FEE91 /* Check Pods Manifest.lock */,
				6EDEB43B18EA499300923C26 /* Sources */,
				6EDEB43C18EA499300923C26 /* Frameworks */,
				6EDEB43D18EA499300923C26 /* Resources */,
				1CB8F6F4F6AF40F7823B5972 /* Copy Pods Resources */,
			);
			buildRules = (
			);
			dependencies = (
			);
			name = RCHadotExample;
			productName = RCHadot;
			productReference = 6EDEB43F18EA499300923C26 /* RCHadotExample.app */;
			productType = "com.apple.product-type.application";
		};
		6EDEB45F18EA499300923C26 /* RCHadotTests */ = {
			isa = PBXNativeTarget;
			buildConfigurationList = 6EDEB47418EA499300923C26 /* Build configuration list for PBXNativeTarget "RCHadotTests" */;
			buildPhases = (
				0B884BC4A47D4A23A3A74CB9 /* Check Pods Manifest.lock */,
				6EDEB45C18EA499300923C26 /* Sources */,
				6EDEB45D18EA499300923C26 /* Frameworks */,
				6EDEB45E18EA499300923C26 /* Resources */,
				34223EC94C9B416D846E8F24 /* Copy Pods Resources */,
			);
			buildRules = (
			);
			dependencies = (
				6EDEB46618EA499300923C26 /* PBXTargetDependency */,
			);
			name = RCHadotTests;
			productName = RCHadotTests;
			productReference = 6EDEB46018EA499300923C26 /* RCHadotTests.xctest */;
			productType = "com.apple.product-type.bundle.unit-test";
		};
/* End PBXNativeTarget section */

/* Begin PBXProject section */
		6EDEB43718EA499200923C26 /* Project object */ = {
			isa = PBXProject;
			attributes = {
				CLASSPREFIX = RC;
				LastUpgradeCheck = 0510;
				ORGANIZATIONNAME = RidgeCorn;
				TargetAttributes = {
					6EDEB45F18EA499300923C26 = {
						TestTargetID = 6EDEB43E18EA499300923C26;
					};
				};
			};
			buildConfigurationList = 6EDEB43A18EA499200923C26 /* Build configuration list for PBXProject "RCHadot" */;
			compatibilityVersion = "Xcode 3.2";
			developmentRegion = English;
			hasScannedForEncodings = 0;
			knownRegions = (
				en,
				Base,
			);
			mainGroup = 6EDEB43618EA499200923C26;
			productRefGroup = 6EDEB44018EA499300923C26 /* Products */;
			projectDirPath = "";
			projectRoot = "";
			targets = (
				6EDEB43E18EA499300923C26 /* RCHadotExample */,
				6EDEB45F18EA499300923C26 /* RCHadotTests */,
			);
		};
/* End PBXProject section */

/* Begin PBXResourcesBuildPhase section */
		6EDEB43D18EA499300923C26 /* Resources */ = {
			isa = PBXResourcesBuildPhase;
			buildActionMask = 2147483647;
			files = (
				6EDEB45B18EA499300923C26 /* Images.xcassets in Resources */,
				6EDEB44D18EA499300923C26 /* InfoPlist.strings in Resources */,
				6EDEB45618EA499300923C26 /* Main.storyboard in Resources */,
			);
			runOnlyForDeploymentPostprocessing = 0;
		};
		6EDEB45E18EA499300923C26 /* Resources */ = {
			isa = PBXResourcesBuildPhase;
			buildActionMask = 2147483647;
			files = (
				6EDEB46C18EA499300923C26 /* InfoPlist.strings in Resources */,
			);
			runOnlyForDeploymentPostprocessing = 0;
		};
/* End PBXResourcesBuildPhase section */

/* Begin PBXShellScriptBuildPhase section */
		0B884BC4A47D4A23A3A74CB9 /* Check Pods Manifest.lock */ = {
			isa = PBXShellScriptBuildPhase;
			buildActionMask = 2147483647;
			files = (
			);
			inputPaths = (
			);
			name = "Check Pods Manifest.lock";
			outputPaths = (
			);
			runOnlyForDeploymentPostprocessing = 0;
			shellPath = /bin/sh;
			shellScript = "diff \"${PODS_ROOT}/../Podfile.lock\" \"${PODS_ROOT}/Manifest.lock\" > /dev/null\nif [[ $? != 0 ]] ; then\n    cat << EOM\nerror: The sandbox is not in sync with the Podfile.lock. Run 'pod install' or update your CocoaPods installation.\nEOM\n    exit 1\nfi\n";
			showEnvVarsInLog = 0;
		};
		18E2AB2C0A7146748F5FEE91 /* Check Pods Manifest.lock */ = {
			isa = PBXShellScriptBuildPhase;
			buildActionMask = 2147483647;
			files = (
			);
			inputPaths = (
			);
			name = "Check Pods Manifest.lock";
			outputPaths = (
			);
			runOnlyForDeploymentPostprocessing = 0;
			shellPath = /bin/sh;
			shellScript = "diff \"${PODS_ROOT}/../Podfile.lock\" \"${PODS_ROOT}/Manifest.lock\" > /dev/null\nif [[ $? != 0 ]] ; then\n    cat << EOM\nerror: The sandbox is not in sync with the Podfile.lock. Run 'pod install' or update your CocoaPods installation.\nEOM\n    exit 1\nfi\n";
			showEnvVarsInLog = 0;
		};
		1CB8F6F4F6AF40F7823B5972 /* Copy Pods Resources */ = {
			isa = PBXShellScriptBuildPhase;
			buildActionMask = 2147483647;
			files = (
			);
			inputPaths = (
			);
			name = "Copy Pods Resources";
			outputPaths = (
			);
			runOnlyForDeploymentPostprocessing = 0;
			shellPath = /bin/sh;
			shellScript = "\"${SRCROOT}/Pods/Pods-resources.sh\"\n";
			showEnvVarsInLog = 0;
		};
		34223EC94C9B416D846E8F24 /* Copy Pods Resources */ = {
			isa = PBXShellScriptBuildPhase;
			buildActionMask = 2147483647;
			files = (
			);
			inputPaths = (
			);
			name = "Copy Pods Resources";
			outputPaths = (
			);
			runOnlyForDeploymentPostprocessing = 0;
			shellPath = /bin/sh;
			shellScript = "\"${SRCROOT}/Pods/Pods-RCHadotTests-resources.sh\"\n";
			showEnvVarsInLog = 0;
		};
/* End PBXShellScriptBuildPhase section */

/* Begin PBXSourcesBuildPhase section */
		6EDEB43B18EA499300923C26 /* Sources */ = {
			isa = PBXSourcesBuildPhase;
			buildActionMask = 2147483647;
			files = (
				6E610F6318FBAC1100247441 /* NSManagedObject+RCStorage.m in Sources */,
				6E610F7E18FC142900247441 /* RCNetWork.m in Sources */,
				6EDEB48618EA4A2500923C26 /* RCControllerTask.m in Sources */,
				6E610F5318FB7B6500247441 /* RCPList.m in Sources */,
				6E610F4E18FB747100247441 /* RCHTTPClient.m in Sources */,
				6E610F7218FC133700247441 /* UIImage+RCImage.m in Sources */,
				6EDEB48518EA4A2500923C26 /* RCBot.m in Sources */,
				6EDEB48A18EA4A2500923C26 /* RCViewTask.m in Sources */,
				6EDEB44F18EA499300923C26 /* main.m in Sources */,
				6E610F6918FC12E600247441 /* NSString+RCString.m in Sources */,
				6EDEB48918EA4A2500923C26 /* RCTask.m in Sources */,
				6E610F5B18FB7FF500247441 /* RCDevice.m in Sources */,
				6EDEB48718EA4A2500923C26 /* RCModelTask.m in Sources */,
				6E610F6418FBAC1100247441 /* NSString+RCStorage.m in Sources */,
				6E610F7618FC13D700247441 /* RCCrypto.m in Sources */,
				6E610F7A18FC141E00247441 /* RCMapLocation.m in Sources */,
				6E610F5718FB7DB400247441 /* RCAppConfig.m in Sources */,
				6EDEB4A618EA5D9700923C26 /* RCNewViewController.m in Sources */,
				6EDEB45318EA499300923C26 /* RCAppDelegate.m in Sources */,
				6EDEB45918EA499300923C26 /* RCViewController.m in Sources */,
				6EDEB48818EA4A2500923C26 /* RCObject.m in Sources */,
				6E610F6E18FC131A00247441 /* UIColor+RCColor.m in Sources */,
				6E610F4618FB6ED800247441 /* RCCache.m in Sources */,
				6E610F8218FC145500247441 /* RCVerify.m in Sources */,
			);
			runOnlyForDeploymentPostprocessing = 0;
		};
		6EDEB45C18EA499300923C26 /* Sources */ = {
			isa = PBXSourcesBuildPhase;
			buildActionMask = 2147483647;
			files = (
				6EDEB46E18EA499300923C26 /* RCHadotTests.m in Sources */,
			);
			runOnlyForDeploymentPostprocessing = 0;
		};
/* End PBXSourcesBuildPhase section */

/* Begin PBXTargetDependency section */
		6EDEB46618EA499300923C26 /* PBXTargetDependency */ = {
			isa = PBXTargetDependency;
			target = 6EDEB43E18EA499300923C26 /* RCHadotExample */;
			targetProxy = 6EDEB46518EA499300923C26 /* PBXContainerItemProxy */;
		};
/* End PBXTargetDependency section */

/* Begin PBXVariantGroup section */
		6EDEB44B18EA499300923C26 /* InfoPlist.strings */ = {
			isa = PBXVariantGroup;
			children = (
				6EDEB44C18EA499300923C26 /* en */,
			);
			name = InfoPlist.strings;
			sourceTree = "<group>";
		};
		6EDEB45418EA499300923C26 /* Main.storyboard */ = {
			isa = PBXVariantGroup;
			children = (
				6EDEB45518EA499300923C26 /* Base */,
			);
			name = Main.storyboard;
			sourceTree = "<group>";
		};
		6EDEB46A18EA499300923C26 /* InfoPlist.strings */ = {
			isa = PBXVariantGroup;
			children = (
				6EDEB46B18EA499300923C26 /* en */,
			);
			name = InfoPlist.strings;
			sourceTree = "<group>";
		};
/* End PBXVariantGroup section */

/* Begin XCBuildConfiguration section */
		6EDEB46F18EA499300923C26 /* Debug */ = {
			isa = XCBuildConfiguration;
			buildSettings = {
				ALWAYS_SEARCH_USER_PATHS = NO;
				CLANG_CXX_LANGUAGE_STANDARD = "gnu++0x";
				CLANG_CXX_LIBRARY = "libc++";
				CLANG_ENABLE_MODULES = YES;
				CLANG_ENABLE_OBJC_ARC = YES;
				CLANG_WARN_BOOL_CONVERSION = YES;
				CLANG_WARN_CONSTANT_CONVERSION = YES;
				CLANG_WARN_DIRECT_OBJC_ISA_USAGE = YES_ERROR;
				CLANG_WARN_EMPTY_BODY = YES;
				CLANG_WARN_ENUM_CONVERSION = YES;
				CLANG_WARN_INT_CONVERSION = YES;
				CLANG_WARN_OBJC_ROOT_CLASS = YES_ERROR;
				CLANG_WARN__DUPLICATE_METHOD_MATCH = YES;
				"CODE_SIGN_IDENTITY[sdk=iphoneos*]" = "iPhone Developer";
				COPY_PHASE_STRIP = NO;
				GCC_C_LANGUAGE_STANDARD = gnu99;
				GCC_DYNAMIC_NO_PIC = NO;
				GCC_OPTIMIZATION_LEVEL = 0;
				GCC_PREPROCESSOR_DEFINITIONS = (
					"DEBUG=1",
					"$(inherited)",
				);
				GCC_SYMBOLS_PRIVATE_EXTERN = NO;
				GCC_WARN_64_TO_32_BIT_CONVERSION = YES;
				GCC_WARN_ABOUT_RETURN_TYPE = YES_ERROR;
				GCC_WARN_UNDECLARED_SELECTOR = YES;
				GCC_WARN_UNINITIALIZED_AUTOS = YES_AGGRESSIVE;
				GCC_WARN_UNUSED_FUNCTION = YES;
				GCC_WARN_UNUSED_VARIABLE = YES;
				IPHONEOS_DEPLOYMENT_TARGET = 7.1;
				ONLY_ACTIVE_ARCH = YES;
				SDKROOT = iphoneos;
			};
			name = Debug;
		};
		6EDEB47018EA499300923C26 /* Release */ = {
			isa = XCBuildConfiguration;
			buildSettings = {
				ALWAYS_SEARCH_USER_PATHS = NO;
				CLANG_CXX_LANGUAGE_STANDARD = "gnu++0x";
				CLANG_CXX_LIBRARY = "libc++";
				CLANG_ENABLE_MODULES = YES;
				CLANG_ENABLE_OBJC_ARC = YES;
				CLANG_WARN_BOOL_CONVERSION = YES;
				CLANG_WARN_CONSTANT_CONVERSION = YES;
				CLANG_WARN_DIRECT_OBJC_ISA_USAGE = YES_ERROR;
				CLANG_WARN_EMPTY_BODY = YES;
				CLANG_WARN_ENUM_CONVERSION = YES;
				CLANG_WARN_INT_CONVERSION = YES;
				CLANG_WARN_OBJC_ROOT_CLASS = YES_ERROR;
				CLANG_WARN__DUPLICATE_METHOD_MATCH = YES;
				"CODE_SIGN_IDENTITY[sdk=iphoneos*]" = "iPhone Developer";
				COPY_PHASE_STRIP = YES;
				ENABLE_NS_ASSERTIONS = NO;
				GCC_C_LANGUAGE_STANDARD = gnu99;
				GCC_WARN_64_TO_32_BIT_CONVERSION = YES;
				GCC_WARN_ABOUT_RETURN_TYPE = YES_ERROR;
				GCC_WARN_UNDECLARED_SELECTOR = YES;
				GCC_WARN_UNINITIALIZED_AUTOS = YES_AGGRESSIVE;
				GCC_WARN_UNUSED_FUNCTION = YES;
				GCC_WARN_UNUSED_VARIABLE = YES;
				IPHONEOS_DEPLOYMENT_TARGET = 7.1;
				SDKROOT = iphoneos;
				VALIDATE_PRODUCT = YES;
			};
			name = Release;
		};
		6EDEB47218EA499300923C26 /* Debug */ = {
			isa = XCBuildConfiguration;
			baseConfigurationReference = 79EC0D202DD24712B890A49A /* Pods.xcconfig */;
			buildSettings = {
				ASSETCATALOG_COMPILER_APPICON_NAME = AppIcon;
				ASSETCATALOG_COMPILER_LAUNCHIMAGE_NAME = LaunchImage;
				GCC_PRECOMPILE_PREFIX_HEADER = YES;
				GCC_PREFIX_HEADER = "RCHadotExample/RCHadot-Prefix.pch";
				INFOPLIST_FILE = "$(SRCROOT)/RCHadotExample/RCHadot-Info.plist";
				PRODUCT_NAME = "$(TARGET_NAME)";
				WRAPPER_EXTENSION = app;
			};
			name = Debug;
		};
		6EDEB47318EA499300923C26 /* Release */ = {
			isa = XCBuildConfiguration;
			baseConfigurationReference = 79EC0D202DD24712B890A49A /* Pods.xcconfig */;
			buildSettings = {
				ASSETCATALOG_COMPILER_APPICON_NAME = AppIcon;
				ASSETCATALOG_COMPILER_LAUNCHIMAGE_NAME = LaunchImage;
				GCC_PRECOMPILE_PREFIX_HEADER = YES;
				GCC_PREFIX_HEADER = "RCHadotExample/RCHadot-Prefix.pch";
				INFOPLIST_FILE = "$(SRCROOT)/RCHadotExample/RCHadot-Info.plist";
				PRODUCT_NAME = "$(TARGET_NAME)";
				WRAPPER_EXTENSION = app;
			};
			name = Release;
		};
		6EDEB47518EA499300923C26 /* Debug */ = {
			isa = XCBuildConfiguration;
			baseConfigurationReference = 14AFAA95EBAF435999806950 /* Pods-RCHadotTests.xcconfig */;
			buildSettings = {
				BUNDLE_LOADER = "$(BUILT_PRODUCTS_DIR)/RCHadot.app/RCHadot";
				FRAMEWORK_SEARCH_PATHS = (
					"$(SDKROOT)/Developer/Library/Frameworks",
					"$(inherited)",
					"$(DEVELOPER_FRAMEWORKS_DIR)",
				);
				GCC_PRECOMPILE_PREFIX_HEADER = YES;
				GCC_PREFIX_HEADER = "RCHadot/RCHadot-Prefix.pch";
				GCC_PREPROCESSOR_DEFINITIONS = (
					"DEBUG=1",
					"$(inherited)",
				);
				INFOPLIST_FILE = "RCHadotTests/RCHadotTests-Info.plist";
				PRODUCT_NAME = "$(TARGET_NAME)";
				TEST_HOST = "$(BUNDLE_LOADER)";
				WRAPPER_EXTENSION = xctest;
			};
			name = Debug;
		};
		6EDEB47618EA499300923C26 /* Release */ = {
			isa = XCBuildConfiguration;
			baseConfigurationReference = 14AFAA95EBAF435999806950 /* Pods-RCHadotTests.xcconfig */;
			buildSettings = {
				BUNDLE_LOADER = "$(BUILT_PRODUCTS_DIR)/RCHadot.app/RCHadot";
				FRAMEWORK_SEARCH_PATHS = (
					"$(SDKROOT)/Developer/Library/Frameworks",
					"$(inherited)",
					"$(DEVELOPER_FRAMEWORKS_DIR)",
				);
				GCC_PRECOMPILE_PREFIX_HEADER = YES;
				GCC_PREFIX_HEADER = "RCHadot/RCHadot-Prefix.pch";
				INFOPLIST_FILE = "RCHadotTests/RCHadotTests-Info.plist";
				PRODUCT_NAME = "$(TARGET_NAME)";
				TEST_HOST = "$(BUNDLE_LOADER)";
				WRAPPER_EXTENSION = xctest;
			};
			name = Release;
		};
/* End XCBuildConfiguration section */

/* Begin XCConfigurationList section */
		6EDEB43A18EA499200923C26 /* Build configuration list for PBXProject "RCHadot" */ = {
			isa = XCConfigurationList;
			buildConfigurations = (
				6EDEB46F18EA499300923C26 /* Debug */,
				6EDEB47018EA499300923C26 /* Release */,
			);
			defaultConfigurationIsVisible = 0;
			defaultConfigurationName = Release;
		};
		6EDEB47118EA499300923C26 /* Build configuration list for PBXNativeTarget "RCHadotExample" */ = {
			isa = XCConfigurationList;
			buildConfigurations = (
				6EDEB47218EA499300923C26 /* Debug */,
				6EDEB47318EA499300923C26 /* Release */,
			);
			defaultConfigurationIsVisible = 0;
			defaultConfigurationName = Release;
		};
		6EDEB47418EA499300923C26 /* Build configuration list for PBXNativeTarget "RCHadotTests" */ = {
			isa = XCConfigurationList;
			buildConfigurations = (
				6EDEB47518EA499300923C26 /* Debug */,
				6EDEB47618EA499300923C26 /* Release */,
			);
			defaultConfigurationIsVisible = 0;
			defaultConfigurationName = Release;
		};
/* End XCConfigurationList section */
	};
	rootObject = 6EDEB43718EA499200923C26 /* Project object */;
}
