// !$*UTF8*$!
{
	archiveVersion = 1;
	classes = {
	};
	objectVersion = 46;
	objects = {

/* Begin PBXBuildFile section */
		26B00369A02F45AE8ED0F098 /* libPods-RCHadotTests.a in Frameworks */ = {isa = PBXBuildFile; fileRef = 218952343D664F4D844C8275 /* libPods-RCHadotTests.a */; };
		6E4B53EE18FCCA1100DA270A /* Foundation.framework in Frameworks */ = {isa = PBXBuildFile; fileRef = 6EDEB44218EA499300923C26 /* Foundation.framework */; };
		6E4B53FB18FCCA1100DA270A /* XCTest.framework in Frameworks */ = {isa = PBXBuildFile; fileRef = 6EDEB46118EA499300923C26 /* XCTest.framework */; };
		6E4B53FC18FCCA1100DA270A /* Foundation.framework in Frameworks */ = {isa = PBXBuildFile; fileRef = 6EDEB44218EA499300923C26 /* Foundation.framework */; };
		6E4B53FD18FCCA1100DA270A /* UIKit.framework in Frameworks */ = {isa = PBXBuildFile; fileRef = 6EDEB44618EA499300923C26 /* UIKit.framework */; };
		6E4B540018FCCA1100DA270A /* libRCHadot.a in Frameworks */ = {isa = PBXBuildFile; fileRef = 6E4B53ED18FCCA1100DA270A /* libRCHadot.a */; };
		6E4B541218FCCB0200DA270A /* RCVerifySpec.m in Sources */ = {isa = PBXBuildFile; fileRef = 6E4B541118FCCB0200DA270A /* RCVerifySpec.m */; };
		6E5FCD6B18FCCC880076D5C5 /* libPods.a in Frameworks */ = {isa = PBXBuildFile; fileRef = 5581E9F0DD0A4528BCC62068 /* libPods.a */; };
		6E5FCD6C18FCCCA50076D5C5 /* CoreGraphics.framework in Frameworks */ = {isa = PBXBuildFile; fileRef = 6EDEB44418EA499300923C26 /* CoreGraphics.framework */; };
		6E5FCD6D18FCCCA50076D5C5 /* CoreGraphics.framework in Frameworks */ = {isa = PBXBuildFile; fileRef = 6EDEB44418EA499300923C26 /* CoreGraphics.framework */; };
		6E5FCD6E18FCCCB20076D5C5 /* UIKit.framework in Frameworks */ = {isa = PBXBuildFile; fileRef = 6EDEB44618EA499300923C26 /* UIKit.framework */; };
		6E5FCD6F18FCCCB70076D5C5 /* CoreData.framework in Frameworks */ = {isa = PBXBuildFile; fileRef = 6E610F6518FBFC1A00247441 /* CoreData.framework */; settings = {ATTRIBUTES = (Required, ); }; };
		6E5FCD7018FCCCB80076D5C5 /* CoreData.framework in Frameworks */ = {isa = PBXBuildFile; fileRef = 6E610F6518FBFC1A00247441 /* CoreData.framework */; settings = {ATTRIBUTES = (Required, ); }; };
		6E5FCD7118FCCCE30076D5C5 /* RCVerify.m in Sources */ = {isa = PBXBuildFile; fileRef = 6E610F8118FC145500247441 /* RCVerify.m */; };
		6E5FCD7318FCD3540076D5C5 /* RCObject.m in Sources */ = {isa = PBXBuildFile; fileRef = 6EDEB48018EA4A2500923C26 /* RCObject.m */; };
		6E5FCD7418FCD3FA0076D5C5 /* RCPList.m in Sources */ = {isa = PBXBuildFile; fileRef = 6E610F5218FB7B6500247441 /* RCPList.m */; };
		6E5FCD7518FCD4020076D5C5 /* RCNetWork.m in Sources */ = {isa = PBXBuildFile; fileRef = 6E610F7D18FC142900247441 /* RCNetWork.m */; };
		6E5FCD7618FCD4060076D5C5 /* RCMapLocation.m in Sources */ = {isa = PBXBuildFile; fileRef = 6E610F7918FC141E00247441 /* RCMapLocation.m */; };
		6E5FCD7718FCD40A0076D5C5 /* RCCrypto.m in Sources */ = {isa = PBXBuildFile; fileRef = 6E610F7518FC13D700247441 /* RCCrypto.m */; };
		6E5FCD7818FCD40F0076D5C5 /* UIImage+RCImage.m in Sources */ = {isa = PBXBuildFile; fileRef = 6E610F7118FC133700247441 /* UIImage+RCImage.m */; };
		6E5FCD7918FCD4150076D5C5 /* UIColor+RCColor.m in Sources */ = {isa = PBXBuildFile; fileRef = 6E610F6D18FC131A00247441 /* UIColor+RCColor.m */; };
		6E5FCD7A18FCD4190076D5C5 /* NSManagedObject+RCStorage.m in Sources */ = {isa = PBXBuildFile; fileRef = 6E610F5F18FBAC1100247441 /* NSManagedObject+RCStorage.m */; };
		6E5FCD7B18FCD41E0076D5C5 /* NSString+RCStorage.m in Sources */ = {isa = PBXBuildFile; fileRef = 6E610F6218FBAC1100247441 /* NSString+RCStorage.m */; };
		6E5FCD7C18FCD4210076D5C5 /* NSString+RCString.m in Sources */ = {isa = PBXBuildFile; fileRef = 6E610F6818FC12E600247441 /* NSString+RCString.m */; };
		6E5FCD7D18FCD4260076D5C5 /* RCDevice.m in Sources */ = {isa = PBXBuildFile; fileRef = 6E610F5A18FB7FF500247441 /* RCDevice.m */; };
		6E5FCD7E18FCD42B0076D5C5 /* RCAppConfig.m in Sources */ = {isa = PBXBuildFile; fileRef = 6E610F5618FB7DB400247441 /* RCAppConfig.m */; };
		6E5FCD7F18FCD4300076D5C5 /* RCHTTPClient.m in Sources */ = {isa = PBXBuildFile; fileRef = 6E610F4D18FB747100247441 /* RCHTTPClient.m */; };
		6E5FCD8018FCD4330076D5C5 /* RCCache.m in Sources */ = {isa = PBXBuildFile; fileRef = 6E610F4518FB6ED800247441 /* RCCache.m */; };
		6E5FCD8118FCD43A0076D5C5 /* RCModelTask.m in Sources */ = {isa = PBXBuildFile; fileRef = 6EDEB47E18EA4A2500923C26 /* RCModelTask.m */; };
		6E5FCD8218FCD43E0076D5C5 /* RCViewTask.m in Sources */ = {isa = PBXBuildFile; fileRef = 6EDEB48418EA4A2500923C26 /* RCViewTask.m */; };
		6E5FCD8318FCD4420076D5C5 /* RCControllerTask.m in Sources */ = {isa = PBXBuildFile; fileRef = 6EDEB47B18EA4A2500923C26 /* RCControllerTask.m */; };
		6E5FCD8418FCD4460076D5C5 /* RCTask.m in Sources */ = {isa = PBXBuildFile; fileRef = 6EDEB48218EA4A2500923C26 /* RCTask.m */; };
		6E5FCD8518FCD44C0076D5C5 /* RCBot.m in Sources */ = {isa = PBXBuildFile; fileRef = 6EDEB47918EA4A2500923C26 /* RCBot.m */; };
		6E5FCD8818FCD4BF0076D5C5 /* RCPListSpec.m in Sources */ = {isa = PBXBuildFile; fileRef = 6E5FCD8718FCD4BF0076D5C5 /* RCPListSpec.m */; };
		6E5FCD8A18FCD88F0076D5C5 /* RCPListTests.plist in Resources */ = {isa = PBXBuildFile; fileRef = 6E5FCD8918FCD88F0076D5C5 /* RCPListTests.plist */; };
		6E5FCD8C18FCD8DD0076D5C5 /* RCHadotTests-Info.plist in Resources */ = {isa = PBXBuildFile; fileRef = 6EDEB46918EA499300923C26 /* RCHadotTests-Info.plist */; };
		6E5FCD8F18FCDCB30076D5C5 /* RCNetWorkSpec.m in Sources */ = {isa = PBXBuildFile; fileRef = 6E5FCD8E18FCDCB30076D5C5 /* RCNetWorkSpec.m */; };
		6E5FCD9218FCDCEE0076D5C5 /* RCBotSpec.m in Sources */ = {isa = PBXBuildFile; fileRef = 6E5FCD9118FCDCEE0076D5C5 /* RCBotSpec.m */; };
		6E5FCD9518FCDD0F0076D5C5 /* RCTaskSpec.m in Sources */ = {isa = PBXBuildFile; fileRef = 6E5FCD9418FCDD0F0076D5C5 /* RCTaskSpec.m */; };
		6E5FCD9718FCDD490076D5C5 /* RCModelTaskSpec.m in Sources */ = {isa = PBXBuildFile; fileRef = 6E5FCD9618FCDD490076D5C5 /* RCModelTaskSpec.m */; };
		6E5FCD9918FCDD570076D5C5 /* RCViewTaskSpec.m in Sources */ = {isa = PBXBuildFile; fileRef = 6E5FCD9818FCDD570076D5C5 /* RCViewTaskSpec.m */; };
		6E5FCD9B18FCDD7C0076D5C5 /* RCControllerTaskSpec.m in Sources */ = {isa = PBXBuildFile; fileRef = 6E5FCD9A18FCDD7C0076D5C5 /* RCControllerTaskSpec.m */; };
		6E5FCD9E18FCDDA60076D5C5 /* RCObjectSpec.m in Sources */ = {isa = PBXBuildFile; fileRef = 6E5FCD9D18FCDDA60076D5C5 /* RCObjectSpec.m */; };
		6E5FCDA118FCDDC40076D5C5 /* RCCacheSpec.m in Sources */ = {isa = PBXBuildFile; fileRef = 6E5FCDA018FCDDC40076D5C5 /* RCCacheSpec.m */; };
		6E5FCDA418FCDDF80076D5C5 /* RCHTTPClientSpec.m in Sources */ = {isa = PBXBuildFile; fileRef = 6E5FCDA318FCDDF80076D5C5 /* RCHTTPClientSpec.m */; };
		6E5FCDA718FCDE2B0076D5C5 /* RCAppConfigSpec.m in Sources */ = {isa = PBXBuildFile; fileRef = 6E5FCDA618FCDE2B0076D5C5 /* RCAppConfigSpec.m */; };
		6E5FCDAA18FCDE550076D5C5 /* RCDeviceSpec.m in Sources */ = {isa = PBXBuildFile; fileRef = 6E5FCDA918FCDE550076D5C5 /* RCDeviceSpec.m */; };
		6E5FCDAD18FCDE800076D5C5 /* UIImage+RCImageSpec.m in Sources */ = {isa = PBXBuildFile; fileRef = 6E5FCDAC18FCDE800076D5C5 /* UIImage+RCImageSpec.m */; };
		6E5FCDAF18FCDEA00076D5C5 /* UIColor+RCColorSpec.m in Sources */ = {isa = PBXBuildFile; fileRef = 6E5FCDAE18FCDEA00076D5C5 /* UIColor+RCColorSpec.m */; };
		6E5FCDB118FCDEC70076D5C5 /* NSManagedObject+RCStorageSpec.m in Sources */ = {isa = PBXBuildFile; fileRef = 6E5FCDB018FCDEC70076D5C5 /* NSManagedObject+RCStorageSpec.m */; };
		6E5FCDB318FCDEDF0076D5C5 /* NSString+RCStorageSpec.m in Sources */ = {isa = PBXBuildFile; fileRef = 6E5FCDB218FCDEDF0076D5C5 /* NSString+RCStorageSpec.m */; };
		6E5FCDB518FCDEF50076D5C5 /* NSString+RCStringSpec.m in Sources */ = {isa = PBXBuildFile; fileRef = 6E5FCDB418FCDEF50076D5C5 /* NSString+RCStringSpec.m */; };
		6E5FCDB818FCDF1B0076D5C5 /* RCCryptoSpec.m in Sources */ = {isa = PBXBuildFile; fileRef = 6E5FCDB718FCDF1B0076D5C5 /* RCCryptoSpec.m */; };
		6E5FCDBB18FCDF4A0076D5C5 /* RCMapLocationSpec.m in Sources */ = {isa = PBXBuildFile; fileRef = 6E5FCDBA18FCDF4A0076D5C5 /* RCMapLocationSpec.m */; };
		6E5FCDBD18FCDFA50076D5C5 /* CoreLocation.framework in Frameworks */ = {isa = PBXBuildFile; fileRef = 6E5FCDBC18FCDFA50076D5C5 /* CoreLocation.framework */; };
		6E5FCDBE18FCDFD20076D5C5 /* CoreLocation.framework in Frameworks */ = {isa = PBXBuildFile; fileRef = 6E5FCDBC18FCDFA50076D5C5 /* CoreLocation.framework */; };
		6E5FCDBF18FCDFD40076D5C5 /* CoreLocation.framework in Frameworks */ = {isa = PBXBuildFile; fileRef = 6E5FCDBC18FCDFA50076D5C5 /* CoreLocation.framework */; };
		6E5FCE5518FE182E0076D5C5 /* RCMapping.m in Sources */ = {isa = PBXBuildFile; fileRef = 6E5FCE5418FE182E0076D5C5 /* RCMapping.m */; };
		6E5FCE5818FE21690076D5C5 /* RCMappingSpec.m in Sources */ = {isa = PBXBuildFile; fileRef = 6E5FCE5718FE21690076D5C5 /* RCMappingSpec.m */; };
		6E5FCE5D18FE27DA0076D5C5 /* RCDisplay.m in Sources */ = {isa = PBXBuildFile; fileRef = 6E5FCE5C18FE27DA0076D5C5 /* RCDisplay.m */; };
		6E5FCE6518FE31C00076D5C5 /* NSDictionary+RCDictionary.m in Sources */ = {isa = PBXBuildFile; fileRef = 6E5FCE6418FE31C00076D5C5 /* NSDictionary+RCDictionary.m */; };
		6E5FCE6818FE32020076D5C5 /* NSDictionary+RCDictionarySpec.m in Sources */ = {isa = PBXBuildFile; fileRef = 6E5FCE6718FE32020076D5C5 /* NSDictionary+RCDictionarySpec.m */; };
		6E5FCE6A18FE353A0076D5C5 /* RCDisplaySpec.m in Sources */ = {isa = PBXBuildFile; fileRef = 6E5FCE6918FE353A0076D5C5 /* RCDisplaySpec.m */; };
		6E610F6618FBFC1A00247441 /* CoreData.framework in Frameworks */ = {isa = PBXBuildFile; fileRef = 6E610F6518FBFC1A00247441 /* CoreData.framework */; settings = {ATTRIBUTES = (Required, ); }; };
		6EAB917A18FE6C8B0087C20E /* RCRecord.m in Sources */ = {isa = PBXBuildFile; fileRef = 6EAB917918FE6C8B0087C20E /* RCRecord.m */; };
		6EAB917D18FE6D430087C20E /* RCModelRecord.m in Sources */ = {isa = PBXBuildFile; fileRef = 6EAB917C18FE6D430087C20E /* RCModelRecord.m */; };
		6EAB918018FE6D5C0087C20E /* RCViewRecord.m in Sources */ = {isa = PBXBuildFile; fileRef = 6EAB917F18FE6D5C0087C20E /* RCViewRecord.m */; };
		6EAB918318FE6D750087C20E /* RCControllerRecord.m in Sources */ = {isa = PBXBuildFile; fileRef = 6EAB918218FE6D750087C20E /* RCControllerRecord.m */; };
		6EAB918918FED5460087C20E /* Main.storyboard in Resources */ = {isa = PBXBuildFile; fileRef = 6EDEB45418EA499300923C26 /* Main.storyboard */; };
		6EAB918E18FED6400087C20E /* RCRecord.m in Sources */ = {isa = PBXBuildFile; fileRef = 6EAB917918FE6C8B0087C20E /* RCRecord.m */; };
		6EAB919018FED6400087C20E /* RCDisplay.m in Sources */ = {isa = PBXBuildFile; fileRef = 6E5FCE5C18FE27DA0076D5C5 /* RCDisplay.m */; };
		6EAB919218FED6400087C20E /* RCMapping.m in Sources */ = {isa = PBXBuildFile; fileRef = 6E5FCE5418FE182E0076D5C5 /* RCMapping.m */; };
		6EAB919418FED6400087C20E /* RCVerify.m in Sources */ = {isa = PBXBuildFile; fileRef = 6E610F8118FC145500247441 /* RCVerify.m */; };
		6EAB919618FED6400087C20E /* RCNetWork.m in Sources */ = {isa = PBXBuildFile; fileRef = 6E610F7D18FC142900247441 /* RCNetWork.m */; };
		6EAB919818FED6400087C20E /* RCMapLocation.m in Sources */ = {isa = PBXBuildFile; fileRef = 6E610F7918FC141E00247441 /* RCMapLocation.m */; };
		6EAB919A18FED6400087C20E /* RCCrypto.m in Sources */ = {isa = PBXBuildFile; fileRef = 6E610F7518FC13D700247441 /* RCCrypto.m */; };
		6EAB919D18FED6400087C20E /* NSDictionary+RCDictionary.m in Sources */ = {isa = PBXBuildFile; fileRef = 6E5FCE6418FE31C00076D5C5 /* NSDictionary+RCDictionary.m */; };
		6EAB919F18FED6400087C20E /* UIImage+RCImage.m in Sources */ = {isa = PBXBuildFile; fileRef = 6E610F7118FC133700247441 /* UIImage+RCImage.m */; };
		6EAB91A118FED6400087C20E /* UIColor+RCColor.m in Sources */ = {isa = PBXBuildFile; fileRef = 6E610F6D18FC131A00247441 /* UIColor+RCColor.m */; };
		6EAB91A318FED6400087C20E /* NSManagedObject+RCStorage.m in Sources */ = {isa = PBXBuildFile; fileRef = 6E610F5F18FBAC1100247441 /* NSManagedObject+RCStorage.m */; };
		6EAB91A518FED6400087C20E /* NSString+RCStorage.m in Sources */ = {isa = PBXBuildFile; fileRef = 6E610F6218FBAC1100247441 /* NSString+RCStorage.m */; };
		6EAB91A718FED6400087C20E /* NSString+RCString.m in Sources */ = {isa = PBXBuildFile; fileRef = 6E610F6818FC12E600247441 /* NSString+RCString.m */; };
		6EAB91A918FED6400087C20E /* RCDevice.m in Sources */ = {isa = PBXBuildFile; fileRef = 6E610F5A18FB7FF500247441 /* RCDevice.m */; };
		6EAB91AB18FED6400087C20E /* RCAppConfig.m in Sources */ = {isa = PBXBuildFile; fileRef = 6E610F5618FB7DB400247441 /* RCAppConfig.m */; };
		6EAB91AD18FED6400087C20E /* RCPList.m in Sources */ = {isa = PBXBuildFile; fileRef = 6E610F5218FB7B6500247441 /* RCPList.m */; };
		6EAB91AF18FED6400087C20E /* RCHTTPClient.m in Sources */ = {isa = PBXBuildFile; fileRef = 6E610F4D18FB747100247441 /* RCHTTPClient.m */; };
		6EAB91B118FED6400087C20E /* RCCache.m in Sources */ = {isa = PBXBuildFile; fileRef = 6E610F4518FB6ED800247441 /* RCCache.m */; };
		6EAB91B318FED6400087C20E /* RCObject.m in Sources */ = {isa = PBXBuildFile; fileRef = 6EDEB48018EA4A2500923C26 /* RCObject.m */; };
		6EAB91B518FED6400087C20E /* RCModelTask.m in Sources */ = {isa = PBXBuildFile; fileRef = 6EDEB47E18EA4A2500923C26 /* RCModelTask.m */; };
		6EAB91B718FED6400087C20E /* RCViewTask.m in Sources */ = {isa = PBXBuildFile; fileRef = 6EDEB48418EA4A2500923C26 /* RCViewTask.m */; };
		6EAB91B918FED6400087C20E /* RCControllerTask.m in Sources */ = {isa = PBXBuildFile; fileRef = 6EDEB47B18EA4A2500923C26 /* RCControllerTask.m */; };
		6EAB91BB18FED6400087C20E /* RCTask.m in Sources */ = {isa = PBXBuildFile; fileRef = 6EDEB48218EA4A2500923C26 /* RCTask.m */; };
		6EAB91BD18FED6400087C20E /* RCBot.m in Sources */ = {isa = PBXBuildFile; fileRef = 6EDEB47918EA4A2500923C26 /* RCBot.m */; };
		6EAB91CC18FF71370087C20E /* RCSignalCollection.m in Sources */ = {isa = PBXBuildFile; fileRef = 6EAB91CB18FF71370087C20E /* RCSignalCollection.m */; };
		6EAB91CD18FF7E100087C20E /* RCSignalCollection.m in Sources */ = {isa = PBXBuildFile; fileRef = 6EAB91CB18FF71370087C20E /* RCSignalCollection.m */; };
		6EAB91D118FF860C0087C20E /* RCWeatherView.m in Sources */ = {isa = PBXBuildFile; fileRef = 6EAB91D018FF860C0087C20E /* RCWeatherView.m */; };
		6EAB91D518FFA3B80087C20E /* RCOptions.m in Sources */ = {isa = PBXBuildFile; fileRef = 6EAB91D418FFA3B80087C20E /* RCOptions.m */; };
		6EAB91DA18FFA5060087C20E /* RCViewOptions.m in Sources */ = {isa = PBXBuildFile; fileRef = 6EAB91D918FFA5060087C20E /* RCViewOptions.m */; };
		6EAB91DF18FFA6EB0087C20E /* RCModelOptions.m in Sources */ = {isa = PBXBuildFile; fileRef = 6EAB91DE18FFA6EB0087C20E /* RCModelOptions.m */; };
		6EAB91E218FFA7170087C20E /* RCControllerOptions.m in Sources */ = {isa = PBXBuildFile; fileRef = 6EAB91E118FFA7170087C20E /* RCControllerOptions.m */; };
		6EAB91E318FFAA840087C20E /* RCModelOptions.m in Sources */ = {isa = PBXBuildFile; fileRef = 6EAB91DE18FFA6EB0087C20E /* RCModelOptions.m */; };
		6EAB91E418FFAA880087C20E /* RCControllerOptions.m in Sources */ = {isa = PBXBuildFile; fileRef = 6EAB91E118FFA7170087C20E /* RCControllerOptions.m */; };
		6EAB91E518FFAA8C0087C20E /* RCViewOptions.m in Sources */ = {isa = PBXBuildFile; fileRef = 6EAB91D918FFA5060087C20E /* RCViewOptions.m */; };
		6EAB91E618FFAA8F0087C20E /* RCOptions.m in Sources */ = {isa = PBXBuildFile; fileRef = 6EAB91D418FFA3B80087C20E /* RCOptions.m */; };
		6EDEB44318EA499300923C26 /* Foundation.framework in Frameworks */ = {isa = PBXBuildFile; fileRef = 6EDEB44218EA499300923C26 /* Foundation.framework */; };
		6EDEB44518EA499300923C26 /* CoreGraphics.framework in Frameworks */ = {isa = PBXBuildFile; fileRef = 6EDEB44418EA499300923C26 /* CoreGraphics.framework */; };
		6EDEB44718EA499300923C26 /* UIKit.framework in Frameworks */ = {isa = PBXBuildFile; fileRef = 6EDEB44618EA499300923C26 /* UIKit.framework */; };
		6EDEB44D18EA499300923C26 /* InfoPlist.strings in Resources */ = {isa = PBXBuildFile; fileRef = 6EDEB44B18EA499300923C26 /* InfoPlist.strings */; };
		6EDEB44F18EA499300923C26 /* main.m in Sources */ = {isa = PBXBuildFile; fileRef = 6EDEB44E18EA499300923C26 /* main.m */; };
		6EDEB45318EA499300923C26 /* RCAppDelegate.m in Sources */ = {isa = PBXBuildFile; fileRef = 6EDEB45218EA499300923C26 /* RCAppDelegate.m */; };
		6EDEB45918EA499300923C26 /* RCViewController.m in Sources */ = {isa = PBXBuildFile; fileRef = 6EDEB45818EA499300923C26 /* RCViewController.m */; };
		6EDEB45B18EA499300923C26 /* Images.xcassets in Resources */ = {isa = PBXBuildFile; fileRef = 6EDEB45A18EA499300923C26 /* Images.xcassets */; };
		6EDEB4A618EA5D9700923C26 /* RCNewViewController.m in Sources */ = {isa = PBXBuildFile; fileRef = 6EDEB4A518EA5D9700923C26 /* RCNewViewController.m */; };
		96EB4D4D509A4B24BE5F588E /* libPods.a in Frameworks */ = {isa = PBXBuildFile; fileRef = 5581E9F0DD0A4528BCC62068 /* libPods.a */; };
/* End PBXBuildFile section */

/* Begin PBXContainerItemProxy section */
		6E4B53FE18FCCA1100DA270A /* PBXContainerItemProxy */ = {
			isa = PBXContainerItemProxy;
			containerPortal = 6EDEB43718EA499200923C26 /* Project object */;
			proxyType = 1;
			remoteGlobalIDString = 6E4B53EC18FCCA1100DA270A;
			remoteInfo = RCHadot;
		};
/* End PBXContainerItemProxy section */

/* Begin PBXCopyFilesBuildPhase section */
		6E4B53EB18FCCA1100DA270A /* CopyFiles */ = {
			isa = PBXCopyFilesBuildPhase;
			buildActionMask = 2147483647;
			dstPath = "include/$(PRODUCT_NAME)";
			dstSubfolderSpec = 16;
			files = (
			);
			runOnlyForDeploymentPostprocessing = 0;
		};
/* End PBXCopyFilesBuildPhase section */

/* Begin PBXFileReference section */
		14AFAA95EBAF435999806950 /* Pods-RCHadotTests.xcconfig */ = {isa = PBXFileReference; includeInIndex = 1; lastKnownFileType = text.xcconfig; name = "Pods-RCHadotTests.xcconfig"; path = "Pods/Pods-RCHadotTests.xcconfig"; sourceTree = "<group>"; };
		218952343D664F4D844C8275 /* libPods-RCHadotTests.a */ = {isa = PBXFileReference; explicitFileType = archive.ar; includeInIndex = 0; path = "libPods-RCHadotTests.a"; sourceTree = BUILT_PRODUCTS_DIR; };
		5581E9F0DD0A4528BCC62068 /* libPods.a */ = {isa = PBXFileReference; explicitFileType = archive.ar; includeInIndex = 0; path = libPods.a; sourceTree = BUILT_PRODUCTS_DIR; };
		6E4B53ED18FCCA1100DA270A /* libRCHadot.a */ = {isa = PBXFileReference; explicitFileType = archive.ar; includeInIndex = 0; path = libRCHadot.a; sourceTree = BUILT_PRODUCTS_DIR; };
		6E4B53F118FCCA1100DA270A /* RCHadot-Prefix.pch */ = {isa = PBXFileReference; lastKnownFileType = sourcecode.c.h; path = "RCHadot-Prefix.pch"; sourceTree = "<group>"; };
		6E4B53FA18FCCA1100DA270A /* RCHadotTests.xctest */ = {isa = PBXFileReference; explicitFileType = wrapper.cfbundle; includeInIndex = 0; path = RCHadotTests.xctest; sourceTree = BUILT_PRODUCTS_DIR; };
		6E4B541118FCCB0200DA270A /* RCVerifySpec.m */ = {isa = PBXFileReference; fileEncoding = 4; lastKnownFileType = sourcecode.c.objc; path = RCVerifySpec.m; sourceTree = "<group>"; };
		6E5FCD8718FCD4BF0076D5C5 /* RCPListSpec.m */ = {isa = PBXFileReference; fileEncoding = 4; lastKnownFileType = sourcecode.c.objc; path = RCPListSpec.m; sourceTree = "<group>"; };
		6E5FCD8918FCD88F0076D5C5 /* RCPListTests.plist */ = {isa = PBXFileReference; fileEncoding = 4; lastKnownFileType = text.plist.xml; path = RCPListTests.plist; sourceTree = "<group>"; };
		6E5FCD8E18FCDCB30076D5C5 /* RCNetWorkSpec.m */ = {isa = PBXFileReference; fileEncoding = 4; lastKnownFileType = sourcecode.c.objc; path = RCNetWorkSpec.m; sourceTree = "<group>"; };
		6E5FCD9118FCDCEE0076D5C5 /* RCBotSpec.m */ = {isa = PBXFileReference; fileEncoding = 4; lastKnownFileType = sourcecode.c.objc; path = RCBotSpec.m; sourceTree = "<group>"; };
		6E5FCD9418FCDD0F0076D5C5 /* RCTaskSpec.m */ = {isa = PBXFileReference; fileEncoding = 4; lastKnownFileType = sourcecode.c.objc; path = RCTaskSpec.m; sourceTree = "<group>"; };
		6E5FCD9618FCDD490076D5C5 /* RCModelTaskSpec.m */ = {isa = PBXFileReference; fileEncoding = 4; lastKnownFileType = sourcecode.c.objc; path = RCModelTaskSpec.m; sourceTree = "<group>"; };
		6E5FCD9818FCDD570076D5C5 /* RCViewTaskSpec.m */ = {isa = PBXFileReference; fileEncoding = 4; lastKnownFileType = sourcecode.c.objc; path = RCViewTaskSpec.m; sourceTree = "<group>"; };
		6E5FCD9A18FCDD7C0076D5C5 /* RCControllerTaskSpec.m */ = {isa = PBXFileReference; fileEncoding = 4; lastKnownFileType = sourcecode.c.objc; path = RCControllerTaskSpec.m; sourceTree = "<group>"; };
		6E5FCD9D18FCDDA60076D5C5 /* RCObjectSpec.m */ = {isa = PBXFileReference; fileEncoding = 4; lastKnownFileType = sourcecode.c.objc; path = RCObjectSpec.m; sourceTree = "<group>"; };
		6E5FCDA018FCDDC40076D5C5 /* RCCacheSpec.m */ = {isa = PBXFileReference; fileEncoding = 4; lastKnownFileType = sourcecode.c.objc; path = RCCacheSpec.m; sourceTree = "<group>"; };
		6E5FCDA318FCDDF80076D5C5 /* RCHTTPClientSpec.m */ = {isa = PBXFileReference; fileEncoding = 4; lastKnownFileType = sourcecode.c.objc; path = RCHTTPClientSpec.m; sourceTree = "<group>"; };
		6E5FCDA618FCDE2B0076D5C5 /* RCAppConfigSpec.m */ = {isa = PBXFileReference; fileEncoding = 4; lastKnownFileType = sourcecode.c.objc; path = RCAppConfigSpec.m; sourceTree = "<group>"; };
		6E5FCDA918FCDE550076D5C5 /* RCDeviceSpec.m */ = {isa = PBXFileReference; fileEncoding = 4; lastKnownFileType = sourcecode.c.objc; path = RCDeviceSpec.m; sourceTree = "<group>"; };
		6E5FCDAC18FCDE800076D5C5 /* UIImage+RCImageSpec.m */ = {isa = PBXFileReference; fileEncoding = 4; lastKnownFileType = sourcecode.c.objc; path = "UIImage+RCImageSpec.m"; sourceTree = "<group>"; };
		6E5FCDAE18FCDEA00076D5C5 /* UIColor+RCColorSpec.m */ = {isa = PBXFileReference; fileEncoding = 4; lastKnownFileType = sourcecode.c.objc; path = "UIColor+RCColorSpec.m"; sourceTree = "<group>"; };
		6E5FCDB018FCDEC70076D5C5 /* NSManagedObject+RCStorageSpec.m */ = {isa = PBXFileReference; fileEncoding = 4; lastKnownFileType = sourcecode.c.objc; path = "NSManagedObject+RCStorageSpec.m"; sourceTree = "<group>"; };
		6E5FCDB218FCDEDF0076D5C5 /* NSString+RCStorageSpec.m */ = {isa = PBXFileReference; fileEncoding = 4; lastKnownFileType = sourcecode.c.objc; path = "NSString+RCStorageSpec.m"; sourceTree = "<group>"; };
		6E5FCDB418FCDEF50076D5C5 /* NSString+RCStringSpec.m */ = {isa = PBXFileReference; fileEncoding = 4; lastKnownFileType = sourcecode.c.objc; path = "NSString+RCStringSpec.m"; sourceTree = "<group>"; };
		6E5FCDB718FCDF1B0076D5C5 /* RCCryptoSpec.m */ = {isa = PBXFileReference; fileEncoding = 4; lastKnownFileType = sourcecode.c.objc; path = RCCryptoSpec.m; sourceTree = "<group>"; };
		6E5FCDBA18FCDF4A0076D5C5 /* RCMapLocationSpec.m */ = {isa = PBXFileReference; fileEncoding = 4; lastKnownFileType = sourcecode.c.objc; path = RCMapLocationSpec.m; sourceTree = "<group>"; };
		6E5FCDBC18FCDFA50076D5C5 /* CoreLocation.framework */ = {isa = PBXFileReference; lastKnownFileType = wrapper.framework; name = CoreLocation.framework; path = System/Library/Frameworks/CoreLocation.framework; sourceTree = SDKROOT; };
		6E5FCE5318FE182E0076D5C5 /* RCMapping.h */ = {isa = PBXFileReference; fileEncoding = 4; lastKnownFileType = sourcecode.c.h; path = RCMapping.h; sourceTree = "<group>"; };
		6E5FCE5418FE182E0076D5C5 /* RCMapping.m */ = {isa = PBXFileReference; fileEncoding = 4; lastKnownFileType = sourcecode.c.objc; path = RCMapping.m; sourceTree = "<group>"; };
		6E5FCE5718FE21690076D5C5 /* RCMappingSpec.m */ = {isa = PBXFileReference; fileEncoding = 4; lastKnownFileType = sourcecode.c.objc; path = RCMappingSpec.m; sourceTree = "<group>"; };
		6E5FCE5B18FE27DA0076D5C5 /* RCDisplay.h */ = {isa = PBXFileReference; fileEncoding = 4; lastKnownFileType = sourcecode.c.h; path = RCDisplay.h; sourceTree = "<group>"; };
		6E5FCE5C18FE27DA0076D5C5 /* RCDisplay.m */ = {isa = PBXFileReference; fileEncoding = 4; lastKnownFileType = sourcecode.c.objc; path = RCDisplay.m; sourceTree = "<group>"; };
		6E5FCE6318FE31C00076D5C5 /* NSDictionary+RCDictionary.h */ = {isa = PBXFileReference; fileEncoding = 4; lastKnownFileType = sourcecode.c.h; path = "NSDictionary+RCDictionary.h"; sourceTree = "<group>"; };
		6E5FCE6418FE31C00076D5C5 /* NSDictionary+RCDictionary.m */ = {isa = PBXFileReference; fileEncoding = 4; lastKnownFileType = sourcecode.c.objc; path = "NSDictionary+RCDictionary.m"; sourceTree = "<group>"; };
		6E5FCE6718FE32020076D5C5 /* NSDictionary+RCDictionarySpec.m */ = {isa = PBXFileReference; fileEncoding = 4; lastKnownFileType = sourcecode.c.objc; path = "NSDictionary+RCDictionarySpec.m"; sourceTree = "<group>"; };
		6E5FCE6918FE353A0076D5C5 /* RCDisplaySpec.m */ = {isa = PBXFileReference; fileEncoding = 4; lastKnownFileType = sourcecode.c.objc; path = RCDisplaySpec.m; sourceTree = "<group>"; };
		6E610F4418FB6ED800247441 /* RCCache.h */ = {isa = PBXFileReference; fileEncoding = 4; lastKnownFileType = sourcecode.c.h; path = RCCache.h; sourceTree = "<group>"; };
		6E610F4518FB6ED800247441 /* RCCache.m */ = {isa = PBXFileReference; fileEncoding = 4; lastKnownFileType = sourcecode.c.objc; path = RCCache.m; sourceTree = "<group>"; };
		6E610F4C18FB747100247441 /* RCHTTPClient.h */ = {isa = PBXFileReference; fileEncoding = 4; lastKnownFileType = sourcecode.c.h; path = RCHTTPClient.h; sourceTree = "<group>"; };
		6E610F4D18FB747100247441 /* RCHTTPClient.m */ = {isa = PBXFileReference; fileEncoding = 4; lastKnownFileType = sourcecode.c.objc; path = RCHTTPClient.m; sourceTree = "<group>"; };
		6E610F5118FB7B6500247441 /* RCPList.h */ = {isa = PBXFileReference; fileEncoding = 4; lastKnownFileType = sourcecode.c.h; path = RCPList.h; sourceTree = "<group>"; };
		6E610F5218FB7B6500247441 /* RCPList.m */ = {isa = PBXFileReference; fileEncoding = 4; lastKnownFileType = sourcecode.c.objc; path = RCPList.m; sourceTree = "<group>"; };
		6E610F5518FB7DB400247441 /* RCAppConfig.h */ = {isa = PBXFileReference; fileEncoding = 4; lastKnownFileType = sourcecode.c.h; path = RCAppConfig.h; sourceTree = "<group>"; };
		6E610F5618FB7DB400247441 /* RCAppConfig.m */ = {isa = PBXFileReference; fileEncoding = 4; lastKnownFileType = sourcecode.c.objc; path = RCAppConfig.m; sourceTree = "<group>"; };
		6E610F5918FB7FF500247441 /* RCDevice.h */ = {isa = PBXFileReference; fileEncoding = 4; lastKnownFileType = sourcecode.c.h; path = RCDevice.h; sourceTree = "<group>"; };
		6E610F5A18FB7FF500247441 /* RCDevice.m */ = {isa = PBXFileReference; fileEncoding = 4; lastKnownFileType = sourcecode.c.objc; path = RCDevice.m; sourceTree = "<group>"; };
		6E610F5E18FBAC1100247441 /* NSManagedObject+RCStorage.h */ = {isa = PBXFileReference; fileEncoding = 4; lastKnownFileType = sourcecode.c.h; path = "NSManagedObject+RCStorage.h"; sourceTree = "<group>"; };
		6E610F5F18FBAC1100247441 /* NSManagedObject+RCStorage.m */ = {isa = PBXFileReference; fileEncoding = 4; lastKnownFileType = sourcecode.c.objc; path = "NSManagedObject+RCStorage.m"; sourceTree = "<group>"; };
		6E610F6118FBAC1100247441 /* NSString+RCStorage.h */ = {isa = PBXFileReference; fileEncoding = 4; lastKnownFileType = sourcecode.c.h; path = "NSString+RCStorage.h"; sourceTree = "<group>"; };
		6E610F6218FBAC1100247441 /* NSString+RCStorage.m */ = {isa = PBXFileReference; fileEncoding = 4; lastKnownFileType = sourcecode.c.objc; path = "NSString+RCStorage.m"; sourceTree = "<group>"; };
		6E610F6518FBFC1A00247441 /* CoreData.framework */ = {isa = PBXFileReference; lastKnownFileType = wrapper.framework; name = CoreData.framework; path = System/Library/Frameworks/CoreData.framework; sourceTree = SDKROOT; };
		6E610F6718FC12E600247441 /* NSString+RCString.h */ = {isa = PBXFileReference; fileEncoding = 4; lastKnownFileType = sourcecode.c.h; path = "NSString+RCString.h"; sourceTree = "<group>"; };
		6E610F6818FC12E600247441 /* NSString+RCString.m */ = {isa = PBXFileReference; fileEncoding = 4; lastKnownFileType = sourcecode.c.objc; path = "NSString+RCString.m"; sourceTree = "<group>"; };
		6E610F6A18FC12F800247441 /* RCAdditions.h */ = {isa = PBXFileReference; lastKnownFileType = sourcecode.c.h; path = RCAdditions.h; sourceTree = "<group>"; };
		6E610F6C18FC131A00247441 /* UIColor+RCColor.h */ = {isa = PBXFileReference; fileEncoding = 4; lastKnownFileType = sourcecode.c.h; path = "UIColor+RCColor.h"; sourceTree = "<group>"; };
		6E610F6D18FC131A00247441 /* UIColor+RCColor.m */ = {isa = PBXFileReference; fileEncoding = 4; lastKnownFileType = sourcecode.c.objc; path = "UIColor+RCColor.m"; sourceTree = "<group>"; };
		6E610F7018FC133700247441 /* UIImage+RCImage.h */ = {isa = PBXFileReference; fileEncoding = 4; lastKnownFileType = sourcecode.c.h; path = "UIImage+RCImage.h"; sourceTree = "<group>"; };
		6E610F7118FC133700247441 /* UIImage+RCImage.m */ = {isa = PBXFileReference; fileEncoding = 4; lastKnownFileType = sourcecode.c.objc; path = "UIImage+RCImage.m"; sourceTree = "<group>"; };
		6E610F7418FC13D700247441 /* RCCrypto.h */ = {isa = PBXFileReference; fileEncoding = 4; lastKnownFileType = sourcecode.c.h; path = RCCrypto.h; sourceTree = "<group>"; };
		6E610F7518FC13D700247441 /* RCCrypto.m */ = {isa = PBXFileReference; fileEncoding = 4; lastKnownFileType = sourcecode.c.objc; path = RCCrypto.m; sourceTree = "<group>"; };
		6E610F7818FC141E00247441 /* RCMapLocation.h */ = {isa = PBXFileReference; fileEncoding = 4; lastKnownFileType = sourcecode.c.h; path = RCMapLocation.h; sourceTree = "<group>"; };
		6E610F7918FC141E00247441 /* RCMapLocation.m */ = {isa = PBXFileReference; fileEncoding = 4; lastKnownFileType = sourcecode.c.objc; path = RCMapLocation.m; sourceTree = "<group>"; };
		6E610F7C18FC142900247441 /* RCNetWork.h */ = {isa = PBXFileReference; fileEncoding = 4; lastKnownFileType = sourcecode.c.h; path = RCNetWork.h; sourceTree = "<group>"; };
		6E610F7D18FC142900247441 /* RCNetWork.m */ = {isa = PBXFileReference; fileEncoding = 4; lastKnownFileType = sourcecode.c.objc; path = RCNetWork.m; sourceTree = "<group>"; };
		6E610F8018FC145500247441 /* RCVerify.h */ = {isa = PBXFileReference; fileEncoding = 4; lastKnownFileType = sourcecode.c.h; path = RCVerify.h; sourceTree = "<group>"; };
		6E610F8118FC145500247441 /* RCVerify.m */ = {isa = PBXFileReference; fileEncoding = 4; lastKnownFileType = sourcecode.c.objc; path = RCVerify.m; sourceTree = "<group>"; };
		6EAB917818FE6C8B0087C20E /* RCRecord.h */ = {isa = PBXFileReference; fileEncoding = 4; lastKnownFileType = sourcecode.c.h; name = RCRecord.h; path = RCRecord/RCRecord.h; sourceTree = "<group>"; };
		6EAB917918FE6C8B0087C20E /* RCRecord.m */ = {isa = PBXFileReference; fileEncoding = 4; lastKnownFileType = sourcecode.c.objc; name = RCRecord.m; path = RCRecord/RCRecord.m; sourceTree = "<group>"; };
		6EAB917B18FE6D430087C20E /* RCModelRecord.h */ = {isa = PBXFileReference; fileEncoding = 4; lastKnownFileType = sourcecode.c.h; path = RCModelRecord.h; sourceTree = "<group>"; };
		6EAB917C18FE6D430087C20E /* RCModelRecord.m */ = {isa = PBXFileReference; fileEncoding = 4; lastKnownFileType = sourcecode.c.objc; path = RCModelRecord.m; sourceTree = "<group>"; };
		6EAB917E18FE6D5C0087C20E /* RCViewRecord.h */ = {isa = PBXFileReference; fileEncoding = 4; lastKnownFileType = sourcecode.c.h; path = RCViewRecord.h; sourceTree = "<group>"; };
		6EAB917F18FE6D5C0087C20E /* RCViewRecord.m */ = {isa = PBXFileReference; fileEncoding = 4; lastKnownFileType = sourcecode.c.objc; path = RCViewRecord.m; sourceTree = "<group>"; };
		6EAB918118FE6D740087C20E /* RCControllerRecord.h */ = {isa = PBXFileReference; fileEncoding = 4; lastKnownFileType = sourcecode.c.h; path = RCControllerRecord.h; sourceTree = "<group>"; };
		6EAB918218FE6D750087C20E /* RCControllerRecord.m */ = {isa = PBXFileReference; fileEncoding = 4; lastKnownFileType = sourcecode.c.objc; path = RCControllerRecord.m; sourceTree = "<group>"; };
		6EAB91CA18FF71370087C20E /* RCSignalCollection.h */ = {isa = PBXFileReference; fileEncoding = 4; lastKnownFileType = sourcecode.c.h; path = RCSignalCollection.h; sourceTree = "<group>"; };
		6EAB91CB18FF71370087C20E /* RCSignalCollection.m */ = {isa = PBXFileReference; fileEncoding = 4; lastKnownFileType = sourcecode.c.objc; path = RCSignalCollection.m; sourceTree = "<group>"; };
		6EAB91CF18FF860C0087C20E /* RCWeatherView.h */ = {isa = PBXFileReference; fileEncoding = 4; lastKnownFileType = sourcecode.c.h; path = RCWeatherView.h; sourceTree = "<group>"; };
		6EAB91D018FF860C0087C20E /* RCWeatherView.m */ = {isa = PBXFileReference; fileEncoding = 4; lastKnownFileType = sourcecode.c.objc; path = RCWeatherView.m; sourceTree = "<group>"; };
		6EAB91D318FFA3B80087C20E /* RCOptions.h */ = {isa = PBXFileReference; fileEncoding = 4; lastKnownFileType = sourcecode.c.h; path = RCOptions.h; sourceTree = "<group>"; };
		6EAB91D418FFA3B80087C20E /* RCOptions.m */ = {isa = PBXFileReference; fileEncoding = 4; lastKnownFileType = sourcecode.c.objc; path = RCOptions.m; sourceTree = "<group>"; };
		6EAB91D818FFA5060087C20E /* RCViewOptions.h */ = {isa = PBXFileReference; fileEncoding = 4; lastKnownFileType = sourcecode.c.h; path = RCViewOptions.h; sourceTree = "<group>"; };
		6EAB91D918FFA5060087C20E /* RCViewOptions.m */ = {isa = PBXFileReference; fileEncoding = 4; lastKnownFileType = sourcecode.c.objc; path = RCViewOptions.m; sourceTree = "<group>"; };
		6EAB91DD18FFA6EB0087C20E /* RCModelOptions.h */ = {isa = PBXFileReference; fileEncoding = 4; lastKnownFileType = sourcecode.c.h; path = RCModelOptions.h; sourceTree = "<group>"; };
		6EAB91DE18FFA6EB0087C20E /* RCModelOptions.m */ = {isa = PBXFileReference; fileEncoding = 4; lastKnownFileType = sourcecode.c.objc; path = RCModelOptions.m; sourceTree = "<group>"; };
		6EAB91E018FFA7170087C20E /* RCControllerOptions.h */ = {isa = PBXFileReference; fileEncoding = 4; lastKnownFileType = sourcecode.c.h; path = RCControllerOptions.h; sourceTree = "<group>"; };
		6EAB91E118FFA7170087C20E /* RCControllerOptions.m */ = {isa = PBXFileReference; fileEncoding = 4; lastKnownFileType = sourcecode.c.objc; path = RCControllerOptions.m; sourceTree = "<group>"; };
		6EDEB43F18EA499300923C26 /* RCHadotExample.app */ = {isa = PBXFileReference; explicitFileType = wrapper.application; includeInIndex = 0; path = RCHadotExample.app; sourceTree = BUILT_PRODUCTS_DIR; };
		6EDEB44218EA499300923C26 /* Foundation.framework */ = {isa = PBXFileReference; lastKnownFileType = wrapper.framework; name = Foundation.framework; path = System/Library/Frameworks/Foundation.framework; sourceTree = SDKROOT; };
		6EDEB44418EA499300923C26 /* CoreGraphics.framework */ = {isa = PBXFileReference; lastKnownFileType = wrapper.framework; name = CoreGraphics.framework; path = System/Library/Frameworks/CoreGraphics.framework; sourceTree = SDKROOT; };
		6EDEB44618EA499300923C26 /* UIKit.framework */ = {isa = PBXFileReference; lastKnownFileType = wrapper.framework; name = UIKit.framework; path = System/Library/Frameworks/UIKit.framework; sourceTree = SDKROOT; };
		6EDEB44A18EA499300923C26 /* RCHadot-Info.plist */ = {isa = PBXFileReference; lastKnownFileType = text.plist.xml; path = "RCHadot-Info.plist"; sourceTree = "<group>"; };
		6EDEB44C18EA499300923C26 /* en */ = {isa = PBXFileReference; lastKnownFileType = text.plist.strings; name = en; path = en.lproj/InfoPlist.strings; sourceTree = "<group>"; };
		6EDEB44E18EA499300923C26 /* main.m */ = {isa = PBXFileReference; lastKnownFileType = sourcecode.c.objc; path = main.m; sourceTree = "<group>"; };
		6EDEB45018EA499300923C26 /* RCHadotExample-Prefix.pch */ = {isa = PBXFileReference; lastKnownFileType = sourcecode.c.h; path = "RCHadotExample-Prefix.pch"; sourceTree = "<group>"; };
		6EDEB45118EA499300923C26 /* RCAppDelegate.h */ = {isa = PBXFileReference; lastKnownFileType = sourcecode.c.h; path = RCAppDelegate.h; sourceTree = "<group>"; };
		6EDEB45218EA499300923C26 /* RCAppDelegate.m */ = {isa = PBXFileReference; lastKnownFileType = sourcecode.c.objc; path = RCAppDelegate.m; sourceTree = "<group>"; };
		6EDEB45518EA499300923C26 /* Base */ = {isa = PBXFileReference; lastKnownFileType = file.storyboard; name = Base; path = Base.lproj/Main.storyboard; sourceTree = "<group>"; };
		6EDEB45718EA499300923C26 /* RCViewController.h */ = {isa = PBXFileReference; lastKnownFileType = sourcecode.c.h; path = RCViewController.h; sourceTree = "<group>"; };
		6EDEB45818EA499300923C26 /* RCViewController.m */ = {isa = PBXFileReference; lastKnownFileType = sourcecode.c.objc; path = RCViewController.m; sourceTree = "<group>"; };
		6EDEB45A18EA499300923C26 /* Images.xcassets */ = {isa = PBXFileReference; lastKnownFileType = folder.assetcatalog; path = Images.xcassets; sourceTree = "<group>"; };
		6EDEB46118EA499300923C26 /* XCTest.framework */ = {isa = PBXFileReference; lastKnownFileType = wrapper.framework; name = XCTest.framework; path = Library/Frameworks/XCTest.framework; sourceTree = DEVELOPER_DIR; };
		6EDEB46918EA499300923C26 /* RCHadotTests-Info.plist */ = {isa = PBXFileReference; lastKnownFileType = text.plist.xml; path = "RCHadotTests-Info.plist"; sourceTree = "<group>"; };
		6EDEB46B18EA499300923C26 /* en */ = {isa = PBXFileReference; lastKnownFileType = text.plist.strings; name = en; path = en.lproj/InfoPlist.strings; sourceTree = "<group>"; };
		6EDEB47818EA4A2500923C26 /* RCBot.h */ = {isa = PBXFileReference; fileEncoding = 4; lastKnownFileType = sourcecode.c.h; path = RCBot.h; sourceTree = "<group>"; };
		6EDEB47918EA4A2500923C26 /* RCBot.m */ = {isa = PBXFileReference; fileEncoding = 4; lastKnownFileType = sourcecode.c.objc; path = RCBot.m; sourceTree = "<group>"; };
		6EDEB47A18EA4A2500923C26 /* RCControllerTask.h */ = {isa = PBXFileReference; fileEncoding = 4; lastKnownFileType = sourcecode.c.h; path = RCControllerTask.h; sourceTree = "<group>"; };
		6EDEB47B18EA4A2500923C26 /* RCControllerTask.m */ = {isa = PBXFileReference; fileEncoding = 4; lastKnownFileType = sourcecode.c.objc; path = RCControllerTask.m; sourceTree = "<group>"; };
		6EDEB47C18EA4A2500923C26 /* RCHadot.h */ = {isa = PBXFileReference; fileEncoding = 4; lastKnownFileType = sourcecode.c.h; path = RCHadot.h; sourceTree = "<group>"; };
		6EDEB47D18EA4A2500923C26 /* RCModelTask.h */ = {isa = PBXFileReference; fileEncoding = 4; lastKnownFileType = sourcecode.c.h; path = RCModelTask.h; sourceTree = "<group>"; };
		6EDEB47E18EA4A2500923C26 /* RCModelTask.m */ = {isa = PBXFileReference; fileEncoding = 4; lastKnownFileType = sourcecode.c.objc; path = RCModelTask.m; sourceTree = "<group>"; };
		6EDEB47F18EA4A2500923C26 /* RCObject.h */ = {isa = PBXFileReference; fileEncoding = 4; lastKnownFileType = sourcecode.c.h; path = RCObject.h; sourceTree = "<group>"; };
		6EDEB48018EA4A2500923C26 /* RCObject.m */ = {isa = PBXFileReference; fileEncoding = 4; lastKnownFileType = sourcecode.c.objc; path = RCObject.m; sourceTree = "<group>"; };
		6EDEB48118EA4A2500923C26 /* RCTask.h */ = {isa = PBXFileReference; fileEncoding = 4; lastKnownFileType = sourcecode.c.h; path = RCTask.h; sourceTree = "<group>"; };
		6EDEB48218EA4A2500923C26 /* RCTask.m */ = {isa = PBXFileReference; fileEncoding = 4; lastKnownFileType = sourcecode.c.objc; path = RCTask.m; sourceTree = "<group>"; };
		6EDEB48318EA4A2500923C26 /* RCViewTask.h */ = {isa = PBXFileReference; fileEncoding = 4; lastKnownFileType = sourcecode.c.h; path = RCViewTask.h; sourceTree = "<group>"; };
		6EDEB48418EA4A2500923C26 /* RCViewTask.m */ = {isa = PBXFileReference; fileEncoding = 4; lastKnownFileType = sourcecode.c.objc; path = RCViewTask.m; sourceTree = "<group>"; };
		6EDEB4A418EA5D9700923C26 /* RCNewViewController.h */ = {isa = PBXFileReference; fileEncoding = 4; lastKnownFileType = sourcecode.c.h; path = RCNewViewController.h; sourceTree = "<group>"; };
		6EDEB4A518EA5D9700923C26 /* RCNewViewController.m */ = {isa = PBXFileReference; fileEncoding = 4; lastKnownFileType = sourcecode.c.objc; path = RCNewViewController.m; sourceTree = "<group>"; };
		79EC0D202DD24712B890A49A /* Pods.xcconfig */ = {isa = PBXFileReference; includeInIndex = 1; lastKnownFileType = text.xcconfig; name = Pods.xcconfig; path = Pods/Pods.xcconfig; sourceTree = "<group>"; };
/* End PBXFileReference section */

/* Begin PBXFrameworksBuildPhase section */
		6E4B53EA18FCCA1100DA270A /* Frameworks */ = {
			isa = PBXFrameworksBuildPhase;
			buildActionMask = 2147483647;
			files = (
				6E5FCDBD18FCDFA50076D5C5 /* CoreLocation.framework in Frameworks */,
				6E5FCD6C18FCCCA50076D5C5 /* CoreGraphics.framework in Frameworks */,
				6E5FCD6E18FCCCB20076D5C5 /* UIKit.framework in Frameworks */,
				6E5FCD6F18FCCCB70076D5C5 /* CoreData.framework in Frameworks */,
				6E4B53EE18FCCA1100DA270A /* Foundation.framework in Frameworks */,
				6E5FCD6B18FCCC880076D5C5 /* libPods.a in Frameworks */,
			);
			runOnlyForDeploymentPostprocessing = 0;
		};
		6E4B53F718FCCA1100DA270A /* Frameworks */ = {
			isa = PBXFrameworksBuildPhase;
			buildActionMask = 2147483647;
			files = (
				6E4B53FB18FCCA1100DA270A /* XCTest.framework in Frameworks */,
				6E5FCD7018FCCCB80076D5C5 /* CoreData.framework in Frameworks */,
				6E4B53FD18FCCA1100DA270A /* UIKit.framework in Frameworks */,
				6E4B53FC18FCCA1100DA270A /* Foundation.framework in Frameworks */,
				6E5FCDBF18FCDFD40076D5C5 /* CoreLocation.framework in Frameworks */,
				6E5FCD6D18FCCCA50076D5C5 /* CoreGraphics.framework in Frameworks */,
				6E4B540018FCCA1100DA270A /* libRCHadot.a in Frameworks */,
				26B00369A02F45AE8ED0F098 /* libPods-RCHadotTests.a in Frameworks */,
			);
			runOnlyForDeploymentPostprocessing = 0;
		};
		6EDEB43C18EA499300923C26 /* Frameworks */ = {
			isa = PBXFrameworksBuildPhase;
			buildActionMask = 2147483647;
			files = (
				6E5FCDBE18FCDFD20076D5C5 /* CoreLocation.framework in Frameworks */,
				6E610F6618FBFC1A00247441 /* CoreData.framework in Frameworks */,
				6EDEB44518EA499300923C26 /* CoreGraphics.framework in Frameworks */,
				6EDEB44718EA499300923C26 /* UIKit.framework in Frameworks */,
				6EDEB44318EA499300923C26 /* Foundation.framework in Frameworks */,
				96EB4D4D509A4B24BE5F588E /* libPods.a in Frameworks */,
			);
			runOnlyForDeploymentPostprocessing = 0;
		};
/* End PBXFrameworksBuildPhase section */

/* Begin PBXGroup section */
		6E4B53F018FCCA1100DA270A /* Supporting Files */ = {
			isa = PBXGroup;
			children = (
				6E4B53F118FCCA1100DA270A /* RCHadot-Prefix.pch */,
			);
			name = "Supporting Files";
			sourceTree = "<group>";
		};
		6E4B540F18FCCAA500DA270A /* RCHeader */ = {
			isa = PBXGroup;
			children = (
				6EDEB47C18EA4A2500923C26 /* RCHadot.h */,
			);
			path = RCHeader;
			sourceTree = "<group>";
		};
		6E4B541018FCCAF100DA270A /* RCVerify */ = {
			isa = PBXGroup;
			children = (
				6E4B541118FCCB0200DA270A /* RCVerifySpec.m */,
			);
			name = RCVerify;
			sourceTree = "<group>";
		};
		6E5FCD8618FCD4B30076D5C5 /* RCPList */ = {
			isa = PBXGroup;
			children = (
				6E5FCD8718FCD4BF0076D5C5 /* RCPListSpec.m */,
				6E5FCD8918FCD88F0076D5C5 /* RCPListTests.plist */,
			);
			name = RCPList;
			sourceTree = "<group>";
		};
		6E5FCD8D18FCDCA20076D5C5 /* RCNetWork */ = {
			isa = PBXGroup;
			children = (
				6E5FCD8E18FCDCB30076D5C5 /* RCNetWorkSpec.m */,
			);
			name = RCNetWork;
			sourceTree = "<group>";
		};
		6E5FCD9018FCDCCE0076D5C5 /* RCBot */ = {
			isa = PBXGroup;
			children = (
				6E5FCD9118FCDCEE0076D5C5 /* RCBotSpec.m */,
			);
			name = RCBot;
			sourceTree = "<group>";
		};
		6E5FCD9318FCDCF30076D5C5 /* RCTasks */ = {
			isa = PBXGroup;
			children = (
				6E5FCD9418FCDD0F0076D5C5 /* RCTaskSpec.m */,
				6E5FCD9618FCDD490076D5C5 /* RCModelTaskSpec.m */,
				6E5FCD9818FCDD570076D5C5 /* RCViewTaskSpec.m */,
				6E5FCD9A18FCDD7C0076D5C5 /* RCControllerTaskSpec.m */,
			);
			name = RCTasks;
			sourceTree = "<group>";
		};
		6E5FCD9C18FCDD920076D5C5 /* RCObject */ = {
			isa = PBXGroup;
			children = (
				6E5FCD9D18FCDDA60076D5C5 /* RCObjectSpec.m */,
			);
			name = RCObject;
			sourceTree = "<group>";
		};
		6E5FCD9F18FCDDAC0076D5C5 /* RCCache */ = {
			isa = PBXGroup;
			children = (
				6E5FCDA018FCDDC40076D5C5 /* RCCacheSpec.m */,
			);
			name = RCCache;
			sourceTree = "<group>";
		};
		6E5FCDA218FCDDC80076D5C5 /* RCHTTPClient */ = {
			isa = PBXGroup;
			children = (
				6E5FCDA318FCDDF80076D5C5 /* RCHTTPClientSpec.m */,
			);
			name = RCHTTPClient;
			sourceTree = "<group>";
		};
		6E5FCDA518FCDDFF0076D5C5 /* RCAppConfig */ = {
			isa = PBXGroup;
			children = (
				6E5FCDA618FCDE2B0076D5C5 /* RCAppConfigSpec.m */,
			);
			name = RCAppConfig;
			sourceTree = "<group>";
		};
		6E5FCDA818FCDE330076D5C5 /* RCDevice */ = {
			isa = PBXGroup;
			children = (
				6E5FCDA918FCDE550076D5C5 /* RCDeviceSpec.m */,
			);
			name = RCDevice;
			sourceTree = "<group>";
		};
		6E5FCDAB18FCDE5D0076D5C5 /* RCAdditions */ = {
			isa = PBXGroup;
			children = (
				6E5FCDAC18FCDE800076D5C5 /* UIImage+RCImageSpec.m */,
				6E5FCDAE18FCDEA00076D5C5 /* UIColor+RCColorSpec.m */,
				6E5FCDB018FCDEC70076D5C5 /* NSManagedObject+RCStorageSpec.m */,
				6E5FCDB218FCDEDF0076D5C5 /* NSString+RCStorageSpec.m */,
				6E5FCDB418FCDEF50076D5C5 /* NSString+RCStringSpec.m */,
				6E5FCE6718FE32020076D5C5 /* NSDictionary+RCDictionarySpec.m */,
			);
			name = RCAdditions;
			sourceTree = "<group>";
		};
		6E5FCDB618FCDF000076D5C5 /* RCCrypto */ = {
			isa = PBXGroup;
			children = (
				6E5FCDB718FCDF1B0076D5C5 /* RCCryptoSpec.m */,
			);
			name = RCCrypto;
			sourceTree = "<group>";
		};
		6E5FCDB918FCDF290076D5C5 /* RCMapLocation */ = {
			isa = PBXGroup;
			children = (
				6E5FCDBA18FCDF4A0076D5C5 /* RCMapLocationSpec.m */,
			);
			name = RCMapLocation;
			sourceTree = "<group>";
		};
		6E5FCE5218FE17D70076D5C5 /* RCMapping */ = {
			isa = PBXGroup;
			children = (
				6E5FCE5318FE182E0076D5C5 /* RCMapping.h */,
				6E5FCE5418FE182E0076D5C5 /* RCMapping.m */,
			);
			path = RCMapping;
			sourceTree = "<group>";
		};
		6E5FCE5618FE21450076D5C5 /* RCMapping */ = {
			isa = PBXGroup;
			children = (
				6E5FCE5718FE21690076D5C5 /* RCMappingSpec.m */,
			);
			name = RCMapping;
			sourceTree = "<group>";
		};
		6E5FCE5A18FE27950076D5C5 /* RCDisplay */ = {
			isa = PBXGroup;
			children = (
				6E5FCE5B18FE27DA0076D5C5 /* RCDisplay.h */,
				6E5FCE5C18FE27DA0076D5C5 /* RCDisplay.m */,
			);
			path = RCDisplay;
			sourceTree = "<group>";
		};
		6E5FCE5E18FE2C2C0076D5C5 /* RCDisplay */ = {
			isa = PBXGroup;
			children = (
				6E5FCE6918FE353A0076D5C5 /* RCDisplaySpec.m */,
			);
			name = RCDisplay;
			sourceTree = "<group>";
		};
		6E5FCE6218FE315D0076D5C5 /* NSDictionary */ = {
			isa = PBXGroup;
			children = (
				6E5FCE6318FE31C00076D5C5 /* NSDictionary+RCDictionary.h */,
				6E5FCE6418FE31C00076D5C5 /* NSDictionary+RCDictionary.m */,
			);
			name = NSDictionary;
			path = RCDictionary;
			sourceTree = "<group>";
		};
		6E610F4318FB6EBC00247441 /* RCCache */ = {
			isa = PBXGroup;
			children = (
				6E610F4418FB6ED800247441 /* RCCache.h */,
				6E610F4518FB6ED800247441 /* RCCache.m */,
			);
			path = RCCache;
			sourceTree = "<group>";
		};
		6E610F4B18FB747100247441 /* RCHTTPClient */ = {
			isa = PBXGroup;
			children = (
				6E610F4C18FB747100247441 /* RCHTTPClient.h */,
				6E610F4D18FB747100247441 /* RCHTTPClient.m */,
			);
			path = RCHTTPClient;
			sourceTree = "<group>";
		};
		6E610F5018FB7B6500247441 /* RCPList */ = {
			isa = PBXGroup;
			children = (
				6E610F5118FB7B6500247441 /* RCPList.h */,
				6E610F5218FB7B6500247441 /* RCPList.m */,
			);
			path = RCPList;
			sourceTree = "<group>";
		};
		6E610F5418FB7DB400247441 /* RCAppConfig */ = {
			isa = PBXGroup;
			children = (
				6E610F5518FB7DB400247441 /* RCAppConfig.h */,
				6E610F5618FB7DB400247441 /* RCAppConfig.m */,
			);
			path = RCAppConfig;
			sourceTree = "<group>";
		};
		6E610F5818FB7FF500247441 /* RCDevice */ = {
			isa = PBXGroup;
			children = (
				6E610F5918FB7FF500247441 /* RCDevice.h */,
				6E610F5A18FB7FF500247441 /* RCDevice.m */,
			);
			path = RCDevice;
			sourceTree = "<group>";
		};
		6E610F5C18FBAC1100247441 /* RCAdditions */ = {
			isa = PBXGroup;
			children = (
				6E610F6A18FC12F800247441 /* RCAdditions.h */,
				6E5FCE6218FE315D0076D5C5 /* NSDictionary */,
				6E610F6F18FC132400247441 /* UIImage */,
				6E610F6B18FC130000247441 /* UIColor */,
				6E610F5D18FBAC1100247441 /* CoreData */,
				6E610F6018FBAC1100247441 /* NSString */,
			);
			path = RCAdditions;
			sourceTree = "<group>";
		};
		6E610F5D18FBAC1100247441 /* CoreData */ = {
			isa = PBXGroup;
			children = (
				6E610F5E18FBAC1100247441 /* NSManagedObject+RCStorage.h */,
				6E610F5F18FBAC1100247441 /* NSManagedObject+RCStorage.m */,
			);
			path = CoreData;
			sourceTree = "<group>";
		};
		6E610F6018FBAC1100247441 /* NSString */ = {
			isa = PBXGroup;
			children = (
				6E610F6118FBAC1100247441 /* NSString+RCStorage.h */,
				6E610F6218FBAC1100247441 /* NSString+RCStorage.m */,
				6E610F6718FC12E600247441 /* NSString+RCString.h */,
				6E610F6818FC12E600247441 /* NSString+RCString.m */,
			);
			path = NSString;
			sourceTree = "<group>";
		};
		6E610F6B18FC130000247441 /* UIColor */ = {
			isa = PBXGroup;
			children = (
				6E610F6C18FC131A00247441 /* UIColor+RCColor.h */,
				6E610F6D18FC131A00247441 /* UIColor+RCColor.m */,
			);
			path = UIColor;
			sourceTree = "<group>";
		};
		6E610F6F18FC132400247441 /* UIImage */ = {
			isa = PBXGroup;
			children = (
				6E610F7018FC133700247441 /* UIImage+RCImage.h */,
				6E610F7118FC133700247441 /* UIImage+RCImage.m */,
			);
			path = UIImage;
			sourceTree = "<group>";
		};
		6E610F7318FC13D700247441 /* RCCrypto */ = {
			isa = PBXGroup;
			children = (
				6E610F7418FC13D700247441 /* RCCrypto.h */,
				6E610F7518FC13D700247441 /* RCCrypto.m */,
			);
			path = RCCrypto;
			sourceTree = "<group>";
		};
		6E610F7718FC141E00247441 /* RCMapLocation */ = {
			isa = PBXGroup;
			children = (
				6E610F7818FC141E00247441 /* RCMapLocation.h */,
				6E610F7918FC141E00247441 /* RCMapLocation.m */,
			);
			path = RCMapLocation;
			sourceTree = "<group>";
		};
		6E610F7B18FC142900247441 /* RCNetWork */ = {
			isa = PBXGroup;
			children = (
				6E610F7C18FC142900247441 /* RCNetWork.h */,
				6E610F7D18FC142900247441 /* RCNetWork.m */,
			);
			path = RCNetWork;
			sourceTree = "<group>";
		};
		6E610F7F18FC145500247441 /* RCVerify */ = {
			isa = PBXGroup;
			children = (
				6E610F8018FC145500247441 /* RCVerify.h */,
				6E610F8118FC145500247441 /* RCVerify.m */,
			);
			path = RCVerify;
			sourceTree = "<group>";
		};
		6EAB917618FE6BE70087C20E /* TaskRecord */ = {
			isa = PBXGroup;
			children = (
				6EAB917B18FE6D430087C20E /* RCModelRecord.h */,
				6EAB917C18FE6D430087C20E /* RCModelRecord.m */,
				6EAB917E18FE6D5C0087C20E /* RCViewRecord.h */,
				6EAB917F18FE6D5C0087C20E /* RCViewRecord.m */,
				6EAB918118FE6D740087C20E /* RCControllerRecord.h */,
				6EAB918218FE6D750087C20E /* RCControllerRecord.m */,
			);
			name = TaskRecord;
			sourceTree = "<group>";
		};
		6EAB917718FE6C650087C20E /* RCRecord */ = {
			isa = PBXGroup;
			children = (
				6EAB917818FE6C8B0087C20E /* RCRecord.h */,
				6EAB917918FE6C8B0087C20E /* RCRecord.m */,
			);
			name = RCRecord;
			sourceTree = "<group>";
		};
		6EAB918418FE6D7E0087C20E /* AppDelegate */ = {
			isa = PBXGroup;
			children = (
				6EDEB45118EA499300923C26 /* RCAppDelegate.h */,
				6EDEB45218EA499300923C26 /* RCAppDelegate.m */,
			);
			name = AppDelegate;
			sourceTree = "<group>";
		};
		6EAB918818FED5100087C20E /* Resources */ = {
			isa = PBXGroup;
			children = (
				6EDEB45418EA499300923C26 /* Main.storyboard */,
				6EDEB45A18EA499300923C26 /* Images.xcassets */,
			);
			name = Resources;
			sourceTree = "<group>";
		};
		6EAB91C918FF70DD0087C20E /* RCSignalCollection */ = {
			isa = PBXGroup;
			children = (
				6EAB91CA18FF71370087C20E /* RCSignalCollection.h */,
				6EAB91CB18FF71370087C20E /* RCSignalCollection.m */,
			);
			path = RCSignalCollection;
			sourceTree = "<group>";
		};
		6EAB91CE18FF85DC0087C20E /* Views */ = {
			isa = PBXGroup;
			children = (
				6EAB91CF18FF860C0087C20E /* RCWeatherView.h */,
				6EAB91D018FF860C0087C20E /* RCWeatherView.m */,
			);
			name = Views;
			sourceTree = "<group>";
		};
		6EAB91D218FFA3830087C20E /* RCOptions */ = {
			isa = PBXGroup;
			children = (
				6EAB91DC18FFA6B00087C20E /* RCModelOptions */,
				6EAB91DB18FFA6A00087C20E /* RCControllerOptions */,
				6EAB91D718FFA4DA0087C20E /* RCViewOptions */,
				6EAB91D618FFA49F0087C20E /* RCOptions */,
			);
			path = RCOptions;
			sourceTree = "<group>";
		};
		6EAB91D618FFA49F0087C20E /* RCOptions */ = {
			isa = PBXGroup;
			children = (
				6EAB91D318FFA3B80087C20E /* RCOptions.h */,
				6EAB91D418FFA3B80087C20E /* RCOptions.m */,
			);
			name = RCOptions;
			path = RCOption;
			sourceTree = "<group>";
		};
		6EAB91D718FFA4DA0087C20E /* RCViewOptions */ = {
			isa = PBXGroup;
			children = (
				6EAB91D818FFA5060087C20E /* RCViewOptions.h */,
				6EAB91D918FFA5060087C20E /* RCViewOptions.m */,
			);
			name = RCViewOptions;
			path = RCViewOption;
			sourceTree = "<group>";
		};
		6EAB91DB18FFA6A00087C20E /* RCControllerOptions */ = {
			isa = PBXGroup;
			children = (
				6EAB91E018FFA7170087C20E /* RCControllerOptions.h */,
				6EAB91E118FFA7170087C20E /* RCControllerOptions.m */,
			);
			name = RCControllerOptions;
			path = RCControllerOption;
			sourceTree = "<group>";
		};
		6EAB91DC18FFA6B00087C20E /* RCModelOptions */ = {
			isa = PBXGroup;
			children = (
				6EAB91DD18FFA6EB0087C20E /* RCModelOptions.h */,
				6EAB91DE18FFA6EB0087C20E /* RCModelOptions.m */,
			);
			name = RCModelOptions;
			path = RCModelOption;
			sourceTree = "<group>";
		};
		6EDEB43618EA499200923C26 = {
			isa = PBXGroup;
			children = (
				6EDEB47718EA4A2500923C26 /* RCHadot */,
				6EDEB46718EA499300923C26 /* RCHadotTests */,
				6EDEB44818EA499300923C26 /* RCHadotExample */,
				6EDEB44118EA499300923C26 /* Frameworks */,
				6EDEB44018EA499300923C26 /* Products */,
				79EC0D202DD24712B890A49A /* Pods.xcconfig */,
				14AFAA95EBAF435999806950 /* Pods-RCHadotTests.xcconfig */,
			);
			sourceTree = "<group>";
		};
		6EDEB44018EA499300923C26 /* Products */ = {
			isa = PBXGroup;
			children = (
				6EDEB43F18EA499300923C26 /* RCHadotExample.app */,
				6E4B53ED18FCCA1100DA270A /* libRCHadot.a */,
				6E4B53FA18FCCA1100DA270A /* RCHadotTests.xctest */,
			);
			name = Products;
			sourceTree = "<group>";
		};
		6EDEB44118EA499300923C26 /* Frameworks */ = {
			isa = PBXGroup;
			children = (
				6E5FCDBC18FCDFA50076D5C5 /* CoreLocation.framework */,
				6E610F6518FBFC1A00247441 /* CoreData.framework */,
				6EDEB44218EA499300923C26 /* Foundation.framework */,
				6EDEB44418EA499300923C26 /* CoreGraphics.framework */,
				6EDEB44618EA499300923C26 /* UIKit.framework */,
				6EDEB46118EA499300923C26 /* XCTest.framework */,
				5581E9F0DD0A4528BCC62068 /* libPods.a */,
				218952343D664F4D844C8275 /* libPods-RCHadotTests.a */,
			);
			name = Frameworks;
			sourceTree = "<group>";
		};
		6EDEB44818EA499300923C26 /* RCHadotExample */ = {
			isa = PBXGroup;
			children = (
				6EAB918818FED5100087C20E /* Resources */,
				6EAB918418FE6D7E0087C20E /* AppDelegate */,
				6EAB917618FE6BE70087C20E /* TaskRecord */,
				6EAB91CE18FF85DC0087C20E /* Views */,
				6EDEB4A718EA5DA500923C26 /* Controllers */,
				6EDEB44918EA499300923C26 /* Supporting Files */,
			);
			path = RCHadotExample;
			sourceTree = "<group>";
		};
		6EDEB44918EA499300923C26 /* Supporting Files */ = {
			isa = PBXGroup;
			children = (
				6EDEB44A18EA499300923C26 /* RCHadot-Info.plist */,
				6EDEB44B18EA499300923C26 /* InfoPlist.strings */,
				6EDEB44E18EA499300923C26 /* main.m */,
				6EDEB45018EA499300923C26 /* RCHadotExample-Prefix.pch */,
			);
			name = "Supporting Files";
			sourceTree = "<group>";
		};
		6EDEB46718EA499300923C26 /* RCHadotTests */ = {
			isa = PBXGroup;
			children = (
				6E5FCE5E18FE2C2C0076D5C5 /* RCDisplay */,
				6E5FCE5618FE21450076D5C5 /* RCMapping */,
				6E4B541018FCCAF100DA270A /* RCVerify */,
				6E5FCD8D18FCDCA20076D5C5 /* RCNetWork */,
				6E5FCDB918FCDF290076D5C5 /* RCMapLocation */,
				6E5FCDB618FCDF000076D5C5 /* RCCrypto */,
				6E5FCDAB18FCDE5D0076D5C5 /* RCAdditions */,
				6E5FCDA818FCDE330076D5C5 /* RCDevice */,
				6E5FCDA518FCDDFF0076D5C5 /* RCAppConfig */,
				6E5FCDA218FCDDC80076D5C5 /* RCHTTPClient */,
				6E5FCD9F18FCDDAC0076D5C5 /* RCCache */,
				6E5FCD9C18FCDD920076D5C5 /* RCObject */,
				6E5FCD9318FCDCF30076D5C5 /* RCTasks */,
				6E5FCD9018FCDCCE0076D5C5 /* RCBot */,
				6E5FCD8618FCD4B30076D5C5 /* RCPList */,
				6EDEB46818EA499300923C26 /* Supporting Files */,
			);
			path = RCHadotTests;
			sourceTree = "<group>";
		};
		6EDEB46818EA499300923C26 /* Supporting Files */ = {
			isa = PBXGroup;
			children = (
				6EDEB46918EA499300923C26 /* RCHadotTests-Info.plist */,
				6EDEB46A18EA499300923C26 /* InfoPlist.strings */,
			);
			name = "Supporting Files";
			sourceTree = "<group>";
		};
		6EDEB47718EA4A2500923C26 /* RCHadot */ = {
			isa = PBXGroup;
			children = (
				6EAB91D218FFA3830087C20E /* RCOptions */,
				6E4B540F18FCCAA500DA270A /* RCHeader */,
				6EAB91C918FF70DD0087C20E /* RCSignalCollection */,
				6EAB917718FE6C650087C20E /* RCRecord */,
				6E5FCE5A18FE27950076D5C5 /* RCDisplay */,
				6E5FCE5218FE17D70076D5C5 /* RCMapping */,
				6E610F7F18FC145500247441 /* RCVerify */,
				6E610F7B18FC142900247441 /* RCNetWork */,
				6E610F7718FC141E00247441 /* RCMapLocation */,
				6E610F7318FC13D700247441 /* RCCrypto */,
				6E610F5C18FBAC1100247441 /* RCAdditions */,
				6E610F5818FB7FF500247441 /* RCDevice */,
				6E610F5418FB7DB400247441 /* RCAppConfig */,
				6E610F5018FB7B6500247441 /* RCPList */,
				6E610F4B18FB747100247441 /* RCHTTPClient */,
				6E610F4318FB6EBC00247441 /* RCCache */,
				6EDEB49118EA4AC100923C26 /* RCObject */,
				6EDEB48C18EA4A5200923C26 /* RCTasks */,
				6EDEB48B18EA4A4500923C26 /* RCBot */,
				6E4B53F018FCCA1100DA270A /* Supporting Files */,
			);
			path = RCHadot;
			sourceTree = "<group>";
		};
		6EDEB48B18EA4A4500923C26 /* RCBot */ = {
			isa = PBXGroup;
			children = (
				6EDEB47818EA4A2500923C26 /* RCBot.h */,
				6EDEB47918EA4A2500923C26 /* RCBot.m */,
			);
			path = RCBot;
			sourceTree = "<group>";
		};
		6EDEB48C18EA4A5200923C26 /* RCTasks */ = {
			isa = PBXGroup;
			children = (
				6EDEB48E18EA4A6700923C26 /* RCModelTask */,
				6EDEB48F18EA4A7900923C26 /* RCViewTask */,
				6EDEB49018EA4A8D00923C26 /* RCControllerTask */,
				6EDEB48D18EA4A5C00923C26 /* RCTask */,
			);
			path = RCTasks;
			sourceTree = "<group>";
		};
		6EDEB48D18EA4A5C00923C26 /* RCTask */ = {
			isa = PBXGroup;
			children = (
				6EDEB48118EA4A2500923C26 /* RCTask.h */,
				6EDEB48218EA4A2500923C26 /* RCTask.m */,
			);
			path = RCTask;
			sourceTree = "<group>";
		};
		6EDEB48E18EA4A6700923C26 /* RCModelTask */ = {
			isa = PBXGroup;
			children = (
				6EDEB47D18EA4A2500923C26 /* RCModelTask.h */,
				6EDEB47E18EA4A2500923C26 /* RCModelTask.m */,
			);
			path = RCModelTask;
			sourceTree = "<group>";
		};
		6EDEB48F18EA4A7900923C26 /* RCViewTask */ = {
			isa = PBXGroup;
			children = (
				6EDEB48318EA4A2500923C26 /* RCViewTask.h */,
				6EDEB48418EA4A2500923C26 /* RCViewTask.m */,
			);
			path = RCViewTask;
			sourceTree = "<group>";
		};
		6EDEB49018EA4A8D00923C26 /* RCControllerTask */ = {
			isa = PBXGroup;
			children = (
				6EDEB47A18EA4A2500923C26 /* RCControllerTask.h */,
				6EDEB47B18EA4A2500923C26 /* RCControllerTask.m */,
			);
			path = RCControllerTask;
			sourceTree = "<group>";
		};
		6EDEB49118EA4AC100923C26 /* RCObject */ = {
			isa = PBXGroup;
			children = (
				6EDEB47F18EA4A2500923C26 /* RCObject.h */,
				6EDEB48018EA4A2500923C26 /* RCObject.m */,
			);
			path = RCObject;
			sourceTree = "<group>";
		};
		6EDEB4A718EA5DA500923C26 /* Controllers */ = {
			isa = PBXGroup;
			children = (
				6EDEB45718EA499300923C26 /* RCViewController.h */,
				6EDEB45818EA499300923C26 /* RCViewController.m */,
				6EDEB4A418EA5D9700923C26 /* RCNewViewController.h */,
				6EDEB4A518EA5D9700923C26 /* RCNewViewController.m */,
			);
			name = Controllers;
			sourceTree = "<group>";
		};
/* End PBXGroup section */

/* Begin PBXNativeTarget section */
		6E4B53EC18FCCA1100DA270A /* RCHadot */ = {
			isa = PBXNativeTarget;
			buildConfigurationList = 6E4B540918FCCA1200DA270A /* Build configuration list for PBXNativeTarget "RCHadot" */;
			buildPhases = (
				6E4B53E918FCCA1100DA270A /* Sources */,
				6E4B53EA18FCCA1100DA270A /* Frameworks */,
				6E4B53EB18FCCA1100DA270A /* CopyFiles */,
			);
			buildRules = (
			);
			dependencies = (
			);
			name = RCHadot;
			productName = RCHadot;
			productReference = 6E4B53ED18FCCA1100DA270A /* libRCHadot.a */;
			productType = "com.apple.product-type.library.static";
		};
		6E4B53F918FCCA1100DA270A /* RCHadotTests */ = {
			isa = PBXNativeTarget;
			buildConfigurationList = 6E4B540C18FCCA1200DA270A /* Build configuration list for PBXNativeTarget "RCHadotTests" */;
			buildPhases = (
				C4B11F17572442B686F15F7B /* Check Pods Manifest.lock */,
				6E4B53F618FCCA1100DA270A /* Sources */,
				6E4B53F718FCCA1100DA270A /* Frameworks */,
				6E4B53F818FCCA1100DA270A /* Resources */,
				C58FFF3AA3BE4928A1C54C26 /* Copy Pods Resources */,
			);
			buildRules = (
			);
			dependencies = (
				6E4B53FF18FCCA1100DA270A /* PBXTargetDependency */,
			);
			name = RCHadotTests;
			productName = RCHadotTests;
			productReference = 6E4B53FA18FCCA1100DA270A /* RCHadotTests.xctest */;
			productType = "com.apple.product-type.bundle.unit-test";
		};
		6EDEB43E18EA499300923C26 /* RCHadotExample */ = {
			isa = PBXNativeTarget;
			buildConfigurationList = 6EDEB47118EA499300923C26 /* Build configuration list for PBXNativeTarget "RCHadotExample" */;
			buildPhases = (
				18E2AB2C0A7146748F5FEE91 /* Check Pods Manifest.lock */,
				6EDEB43B18EA499300923C26 /* Sources */,
				6EDEB43C18EA499300923C26 /* Frameworks */,
				6EDEB43D18EA499300923C26 /* Resources */,
				1CB8F6F4F6AF40F7823B5972 /* Copy Pods Resources */,
			);
			buildRules = (
			);
			dependencies = (
			);
			name = RCHadotExample;
			productName = RCHadot;
			productReference = 6EDEB43F18EA499300923C26 /* RCHadotExample.app */;
			productType = "com.apple.product-type.application";
		};
/* End PBXNativeTarget section */

/* Begin PBXProject section */
		6EDEB43718EA499200923C26 /* Project object */ = {
			isa = PBXProject;
			attributes = {
				CLASSPREFIX = RC;
				LastUpgradeCheck = 0510;
				ORGANIZATIONNAME = RidgeCorn;
				TargetAttributes = {
					6E4B53F918FCCA1100DA270A = {
						TestTargetID = 6E4B53EC18FCCA1100DA270A;
					};
				};
			};
			buildConfigurationList = 6EDEB43A18EA499200923C26 /* Build configuration list for PBXProject "RCHadot" */;
			compatibilityVersion = "Xcode 3.2";
			developmentRegion = English;
			hasScannedForEncodings = 0;
			knownRegions = (
				en,
				Base,
			);
			mainGroup = 6EDEB43618EA499200923C26;
			productRefGroup = 6EDEB44018EA499300923C26 /* Products */;
			projectDirPath = "";
			projectRoot = "";
			targets = (
				6EDEB43E18EA499300923C26 /* RCHadotExample */,
				6E4B53EC18FCCA1100DA270A /* RCHadot */,
				6E4B53F918FCCA1100DA270A /* RCHadotTests */,
			);
		};
/* End PBXProject section */

/* Begin PBXResourcesBuildPhase section */
		6E4B53F818FCCA1100DA270A /* Resources */ = {
			isa = PBXResourcesBuildPhase;
			buildActionMask = 2147483647;
			files = (
				6E5FCD8C18FCD8DD0076D5C5 /* RCHadotTests-Info.plist in Resources */,
				6E5FCD8A18FCD88F0076D5C5 /* RCPListTests.plist in Resources */,
			);
			runOnlyForDeploymentPostprocessing = 0;
		};
		6EDEB43D18EA499300923C26 /* Resources */ = {
			isa = PBXResourcesBuildPhase;
			buildActionMask = 2147483647;
			files = (
				6EDEB45B18EA499300923C26 /* Images.xcassets in Resources */,
				6EDEB44D18EA499300923C26 /* InfoPlist.strings in Resources */,
				6EAB918918FED5460087C20E /* Main.storyboard in Resources */,
			);
			runOnlyForDeploymentPostprocessing = 0;
		};
/* End PBXResourcesBuildPhase section */

/* Begin PBXShellScriptBuildPhase section */
		18E2AB2C0A7146748F5FEE91 /* Check Pods Manifest.lock */ = {
			isa = PBXShellScriptBuildPhase;
			buildActionMask = 2147483647;
			files = (
			);
			inputPaths = (
			);
			name = "Check Pods Manifest.lock";
			outputPaths = (
			);
			runOnlyForDeploymentPostprocessing = 0;
			shellPath = /bin/sh;
			shellScript = "diff \"${PODS_ROOT}/../Podfile.lock\" \"${PODS_ROOT}/Manifest.lock\" > /dev/null\nif [[ $? != 0 ]] ; then\n    cat << EOM\nerror: The sandbox is not in sync with the Podfile.lock. Run 'pod install' or update your CocoaPods installation.\nEOM\n    exit 1\nfi\n";
			showEnvVarsInLog = 0;
		};
		1CB8F6F4F6AF40F7823B5972 /* Copy Pods Resources */ = {
			isa = PBXShellScriptBuildPhase;
			buildActionMask = 2147483647;
			files = (
			);
			inputPaths = (
			);
			name = "Copy Pods Resources";
			outputPaths = (
			);
			runOnlyForDeploymentPostprocessing = 0;
			shellPath = /bin/sh;
			shellScript = "\"${SRCROOT}/Pods/Pods-resources.sh\"\n";
			showEnvVarsInLog = 0;
		};
		C4B11F17572442B686F15F7B /* Check Pods Manifest.lock */ = {
			isa = PBXShellScriptBuildPhase;
			buildActionMask = 2147483647;
			files = (
			);
			inputPaths = (
			);
			name = "Check Pods Manifest.lock";
			outputPaths = (
			);
			runOnlyForDeploymentPostprocessing = 0;
			shellPath = /bin/sh;
			shellScript = "diff \"${PODS_ROOT}/../Podfile.lock\" \"${PODS_ROOT}/Manifest.lock\" > /dev/null\nif [[ $? != 0 ]] ; then\n    cat << EOM\nerror: The sandbox is not in sync with the Podfile.lock. Run 'pod install' or update your CocoaPods installation.\nEOM\n    exit 1\nfi\n";
			showEnvVarsInLog = 0;
		};
		C58FFF3AA3BE4928A1C54C26 /* Copy Pods Resources */ = {
			isa = PBXShellScriptBuildPhase;
			buildActionMask = 2147483647;
			files = (
			);
			inputPaths = (
			);
			name = "Copy Pods Resources";
			outputPaths = (
			);
			runOnlyForDeploymentPostprocessing = 0;
			shellPath = /bin/sh;
			shellScript = "\"${SRCROOT}/Pods/Pods-RCHadotTests-resources.sh\"\n";
			showEnvVarsInLog = 0;
		};
/* End PBXShellScriptBuildPhase section */

/* Begin PBXSourcesBuildPhase section */
		6E4B53E918FCCA1100DA270A /* Sources */ = {
			isa = PBXSourcesBuildPhase;
			buildActionMask = 2147483647;
			files = (
				6E5FCD7A18FCD4190076D5C5 /* NSManagedObject+RCStorage.m in Sources */,
				6E5FCD8118FCD43A0076D5C5 /* RCModelTask.m in Sources */,
				6E5FCD7918FCD4150076D5C5 /* UIColor+RCColor.m in Sources */,
				6E5FCD7418FCD3FA0076D5C5 /* RCPList.m in Sources */,
				6E5FCD8518FCD44C0076D5C5 /* RCBot.m in Sources */,
				6E5FCD7818FCD40F0076D5C5 /* UIImage+RCImage.m in Sources */,
				6E5FCD7B18FCD41E0076D5C5 /* NSString+RCStorage.m in Sources */,
				6E5FCD7F18FCD4300076D5C5 /* RCHTTPClient.m in Sources */,
				6E5FCD7C18FCD4210076D5C5 /* NSString+RCString.m in Sources */,
				6EAB917A18FE6C8B0087C20E /* RCRecord.m in Sources */,
				6E5FCE5518FE182E0076D5C5 /* RCMapping.m in Sources */,
				6EAB91D518FFA3B80087C20E /* RCOptions.m in Sources */,
				6E5FCD7718FCD40A0076D5C5 /* RCCrypto.m in Sources */,
				6E5FCD8418FCD4460076D5C5 /* RCTask.m in Sources */,
				6E5FCD7518FCD4020076D5C5 /* RCNetWork.m in Sources */,
				6E5FCD8218FCD43E0076D5C5 /* RCViewTask.m in Sources */,
				6E5FCD7118FCCCE30076D5C5 /* RCVerify.m in Sources */,
				6EAB91DA18FFA5060087C20E /* RCViewOptions.m in Sources */,
				6E5FCE5D18FE27DA0076D5C5 /* RCDisplay.m in Sources */,
				6E5FCD7E18FCD42B0076D5C5 /* RCAppConfig.m in Sources */,
				6E5FCD7618FCD4060076D5C5 /* RCMapLocation.m in Sources */,
				6EAB91DF18FFA6EB0087C20E /* RCModelOptions.m in Sources */,
				6E5FCD8018FCD4330076D5C5 /* RCCache.m in Sources */,
				6E5FCD8318FCD4420076D5C5 /* RCControllerTask.m in Sources */,
				6EAB91E218FFA7170087C20E /* RCControllerOptions.m in Sources */,
				6E5FCD7D18FCD4260076D5C5 /* RCDevice.m in Sources */,
				6E5FCE6518FE31C00076D5C5 /* NSDictionary+RCDictionary.m in Sources */,
				6E5FCD7318FCD3540076D5C5 /* RCObject.m in Sources */,
				6EAB91CC18FF71370087C20E /* RCSignalCollection.m in Sources */,
			);
			runOnlyForDeploymentPostprocessing = 0;
		};
		6E4B53F618FCCA1100DA270A /* Sources */ = {
			isa = PBXSourcesBuildPhase;
			buildActionMask = 2147483647;
			files = (
				6E5FCDA118FCDDC40076D5C5 /* RCCacheSpec.m in Sources */,
				6E5FCDBB18FCDF4A0076D5C5 /* RCMapLocationSpec.m in Sources */,
				6E5FCD9B18FCDD7C0076D5C5 /* RCControllerTaskSpec.m in Sources */,
				6E5FCDA418FCDDF80076D5C5 /* RCHTTPClientSpec.m in Sources */,
				6E5FCDA718FCDE2B0076D5C5 /* RCAppConfigSpec.m in Sources */,
				6E5FCDB818FCDF1B0076D5C5 /* RCCryptoSpec.m in Sources */,
				6E5FCD9918FCDD570076D5C5 /* RCViewTaskSpec.m in Sources */,
				6E5FCE5818FE21690076D5C5 /* RCMappingSpec.m in Sources */,
				6E5FCD9718FCDD490076D5C5 /* RCModelTaskSpec.m in Sources */,
				6E5FCDAF18FCDEA00076D5C5 /* UIColor+RCColorSpec.m in Sources */,
				6E5FCE6818FE32020076D5C5 /* NSDictionary+RCDictionarySpec.m in Sources */,
				6E5FCD8F18FCDCB30076D5C5 /* RCNetWorkSpec.m in Sources */,
				6E5FCDB518FCDEF50076D5C5 /* NSString+RCStringSpec.m in Sources */,
				6E5FCD9518FCDD0F0076D5C5 /* RCTaskSpec.m in Sources */,
				6E5FCDAA18FCDE550076D5C5 /* RCDeviceSpec.m in Sources */,
				6E5FCDB318FCDEDF0076D5C5 /* NSString+RCStorageSpec.m in Sources */,
				6E5FCE6A18FE353A0076D5C5 /* RCDisplaySpec.m in Sources */,
				6E5FCDAD18FCDE800076D5C5 /* UIImage+RCImageSpec.m in Sources */,
				6E5FCD9E18FCDDA60076D5C5 /* RCObjectSpec.m in Sources */,
				6E5FCD8818FCD4BF0076D5C5 /* RCPListSpec.m in Sources */,
				6E4B541218FCCB0200DA270A /* RCVerifySpec.m in Sources */,
				6E5FCD9218FCDCEE0076D5C5 /* RCBotSpec.m in Sources */,
				6E5FCDB118FCDEC70076D5C5 /* NSManagedObject+RCStorageSpec.m in Sources */,
			);
			runOnlyForDeploymentPostprocessing = 0;
		};
		6EDEB43B18EA499300923C26 /* Sources */ = {
			isa = PBXSourcesBuildPhase;
			buildActionMask = 2147483647;
			files = (
				6EAB918E18FED6400087C20E /* RCRecord.m in Sources */,
				6EAB919018FED6400087C20E /* RCDisplay.m in Sources */,
				6EAB91E518FFAA8C0087C20E /* RCViewOptions.m in Sources */,
				6EAB919218FED6400087C20E /* RCMapping.m in Sources */,
				6EAB919418FED6400087C20E /* RCVerify.m in Sources */,
				6EAB91E418FFAA880087C20E /* RCControllerOptions.m in Sources */,
				6EAB919618FED6400087C20E /* RCNetWork.m in Sources */,
				6EAB919818FED6400087C20E /* RCMapLocation.m in Sources */,
				6EAB919A18FED6400087C20E /* RCCrypto.m in Sources */,
				6EAB91E318FFAA840087C20E /* RCModelOptions.m in Sources */,
				6EAB919D18FED6400087C20E /* NSDictionary+RCDictionary.m in Sources */,
				6EAB919F18FED6400087C20E /* UIImage+RCImage.m in Sources */,
				6EAB91A118FED6400087C20E /* UIColor+RCColor.m in Sources */,
				6EAB91A318FED6400087C20E /* NSManagedObject+RCStorage.m in Sources */,
				6EAB91A518FED6400087C20E /* NSString+RCStorage.m in Sources */,
				6EAB91A718FED6400087C20E /* NSString+RCString.m in Sources */,
				6EAB91A918FED6400087C20E /* RCDevice.m in Sources */,
				6EAB91AB18FED6400087C20E /* RCAppConfig.m in Sources */,
				6EAB91AD18FED6400087C20E /* RCPList.m in Sources */,
				6EAB91AF18FED6400087C20E /* RCHTTPClient.m in Sources */,
				6EAB91E618FFAA8F0087C20E /* RCOptions.m in Sources */,
				6EAB91B118FED6400087C20E /* RCCache.m in Sources */,
				6EAB91D118FF860C0087C20E /* RCWeatherView.m in Sources */,
				6EAB91B318FED6400087C20E /* RCObject.m in Sources */,
				6EAB91B518FED6400087C20E /* RCModelTask.m in Sources */,
				6EAB91B718FED6400087C20E /* RCViewTask.m in Sources */,
				6EAB91CD18FF7E100087C20E /* RCSignalCollection.m in Sources */,
				6EAB91B918FED6400087C20E /* RCControllerTask.m in Sources */,
				6EAB91BB18FED6400087C20E /* RCTask.m in Sources */,
				6EAB91BD18FED6400087C20E /* RCBot.m in Sources */,
				6EAB918018FE6D5C0087C20E /* RCViewRecord.m in Sources */,
				6EAB918318FE6D750087C20E /* RCControllerRecord.m in Sources */,
				6EAB917D18FE6D430087C20E /* RCModelRecord.m in Sources */,
				6EDEB44F18EA499300923C26 /* main.m in Sources */,
				6EDEB4A618EA5D9700923C26 /* RCNewViewController.m in Sources */,
				6EDEB45318EA499300923C26 /* RCAppDelegate.m in Sources */,
				6EDEB45918EA499300923C26 /* RCViewController.m in Sources */,
			);
			runOnlyForDeploymentPostprocessing = 0;
		};
/* End PBXSourcesBuildPhase section */

/* Begin PBXTargetDependency section */
		6E4B53FF18FCCA1100DA270A /* PBXTargetDependency */ = {
			isa = PBXTargetDependency;
			target = 6E4B53EC18FCCA1100DA270A /* RCHadot */;
			targetProxy = 6E4B53FE18FCCA1100DA270A /* PBXContainerItemProxy */;
		};
/* End PBXTargetDependency section */

/* Begin PBXVariantGroup section */
		6EDEB44B18EA499300923C26 /* InfoPlist.strings */ = {
			isa = PBXVariantGroup;
			children = (
				6EDEB44C18EA499300923C26 /* en */,
			);
			name = InfoPlist.strings;
			sourceTree = "<group>";
		};
		6EDEB45418EA499300923C26 /* Main.storyboard */ = {
			isa = PBXVariantGroup;
			children = (
				6EDEB45518EA499300923C26 /* Base */,
			);
			name = Main.storyboard;
			sourceTree = "<group>";
		};
		6EDEB46A18EA499300923C26 /* InfoPlist.strings */ = {
			isa = PBXVariantGroup;
			children = (
				6EDEB46B18EA499300923C26 /* en */,
			);
			name = InfoPlist.strings;
			sourceTree = "<group>";
		};
/* End PBXVariantGroup section */

/* Begin XCBuildConfiguration section */
		6E4B540A18FCCA1200DA270A /* Debug */ = {
			isa = XCBuildConfiguration;
			baseConfigurationReference = 79EC0D202DD24712B890A49A /* Pods.xcconfig */;
			buildSettings = {
				DSTROOT = /tmp/RCHadot.dst;
				GCC_PRECOMPILE_PREFIX_HEADER = YES;
				GCC_PREFIX_HEADER = "RCHadot/RCHadot-Prefix.pch";
				GCC_PREPROCESSOR_DEFINITIONS = (
					"DEBUG=1",
					"$(inherited)",
				);
				OTHER_LDFLAGS = "-ObjC";
				PRODUCT_NAME = "$(TARGET_NAME)";
				SKIP_INSTALL = YES;
			};
			name = Debug;
		};
		6E4B540B18FCCA1200DA270A /* Release */ = {
			isa = XCBuildConfiguration;
			baseConfigurationReference = 79EC0D202DD24712B890A49A /* Pods.xcconfig */;
			buildSettings = {
				DSTROOT = /tmp/RCHadot.dst;
				GCC_PRECOMPILE_PREFIX_HEADER = YES;
				GCC_PREFIX_HEADER = "RCHadot/RCHadot-Prefix.pch";
				OTHER_LDFLAGS = "-ObjC";
				PRODUCT_NAME = "$(TARGET_NAME)";
				SKIP_INSTALL = YES;
			};
			name = Release;
		};
		6E4B540D18FCCA1200DA270A /* Debug */ = {
			isa = XCBuildConfiguration;
			baseConfigurationReference = 14AFAA95EBAF435999806950 /* Pods-RCHadotTests.xcconfig */;
			buildSettings = {
				FRAMEWORK_SEARCH_PATHS = (
					"$(SDKROOT)/Developer/Library/Frameworks",
					"$(inherited)",
					"$(DEVELOPER_FRAMEWORKS_DIR)",
				);
				GCC_PRECOMPILE_PREFIX_HEADER = YES;
				GCC_PREFIX_HEADER = "RCHadot/RCHadot-Prefix.pch";
				GCC_PREPROCESSOR_DEFINITIONS = (
					"DEBUG=1",
					"$(inherited)",
				);
				INFOPLIST_FILE = "RCHadotTests/RCHadotTests-Info.plist";
				PRODUCT_NAME = "$(TARGET_NAME)";
				WRAPPER_EXTENSION = xctest;
			};
			name = Debug;
		};
		6E4B540E18FCCA1200DA270A /* Release */ = {
			isa = XCBuildConfiguration;
			baseConfigurationReference = 14AFAA95EBAF435999806950 /* Pods-RCHadotTests.xcconfig */;
			buildSettings = {
				FRAMEWORK_SEARCH_PATHS = (
					"$(SDKROOT)/Developer/Library/Frameworks",
					"$(inherited)",
					"$(DEVELOPER_FRAMEWORKS_DIR)",
				);
				GCC_PRECOMPILE_PREFIX_HEADER = YES;
				GCC_PREFIX_HEADER = "RCHadot/RCHadot-Prefix.pch";
				INFOPLIST_FILE = "RCHadotTests/RCHadotTests-Info.plist";
				PRODUCT_NAME = "$(TARGET_NAME)";
				WRAPPER_EXTENSION = xctest;
			};
			name = Release;
		};
		6EDEB46F18EA499300923C26 /* Debug */ = {
			isa = XCBuildConfiguration;
			buildSettings = {
				ALWAYS_SEARCH_USER_PATHS = NO;
				CLANG_CXX_LANGUAGE_STANDARD = "gnu++0x";
				CLANG_CXX_LIBRARY = "libc++";
				CLANG_ENABLE_MODULES = YES;
				CLANG_ENABLE_OBJC_ARC = YES;
				CLANG_WARN_BOOL_CONVERSION = YES;
				CLANG_WARN_CONSTANT_CONVERSION = YES;
				CLANG_WARN_DIRECT_OBJC_ISA_USAGE = YES_ERROR;
				CLANG_WARN_EMPTY_BODY = YES;
				CLANG_WARN_ENUM_CONVERSION = YES;
				CLANG_WARN_INT_CONVERSION = YES;
				CLANG_WARN_OBJC_ROOT_CLASS = YES_ERROR;
				CLANG_WARN__DUPLICATE_METHOD_MATCH = YES;
				"CODE_SIGN_IDENTITY[sdk=iphoneos*]" = "iPhone Developer";
				COPY_PHASE_STRIP = NO;
				GCC_C_LANGUAGE_STANDARD = gnu99;
				GCC_DYNAMIC_NO_PIC = NO;
				GCC_OPTIMIZATION_LEVEL = 0;
				GCC_PREPROCESSOR_DEFINITIONS = (
					"DEBUG=1",
					"$(inherited)",
				);
				GCC_SYMBOLS_PRIVATE_EXTERN = NO;
				GCC_WARN_64_TO_32_BIT_CONVERSION = YES;
				GCC_WARN_ABOUT_RETURN_TYPE = YES_ERROR;
				GCC_WARN_UNDECLARED_SELECTOR = YES;
				GCC_WARN_UNINITIALIZED_AUTOS = YES_AGGRESSIVE;
				GCC_WARN_UNUSED_FUNCTION = YES;
				GCC_WARN_UNUSED_VARIABLE = YES;
				IPHONEOS_DEPLOYMENT_TARGET = 7.1;
				ONLY_ACTIVE_ARCH = YES;
				SDKROOT = iphoneos;
			};
			name = Debug;
		};
		6EDEB47018EA499300923C26 /* Release */ = {
			isa = XCBuildConfiguration;
			buildSettings = {
				ALWAYS_SEARCH_USER_PATHS = NO;
				CLANG_CXX_LANGUAGE_STANDARD = "gnu++0x";
				CLANG_CXX_LIBRARY = "libc++";
				CLANG_ENABLE_MODULES = YES;
				CLANG_ENABLE_OBJC_ARC = YES;
				CLANG_WARN_BOOL_CONVERSION = YES;
				CLANG_WARN_CONSTANT_CONVERSION = YES;
				CLANG_WARN_DIRECT_OBJC_ISA_USAGE = YES_ERROR;
				CLANG_WARN_EMPTY_BODY = YES;
				CLANG_WARN_ENUM_CONVERSION = YES;
				CLANG_WARN_INT_CONVERSION = YES;
				CLANG_WARN_OBJC_ROOT_CLASS = YES_ERROR;
				CLANG_WARN__DUPLICATE_METHOD_MATCH = YES;
				"CODE_SIGN_IDENTITY[sdk=iphoneos*]" = "iPhone Developer";
				COPY_PHASE_STRIP = YES;
				ENABLE_NS_ASSERTIONS = NO;
				GCC_C_LANGUAGE_STANDARD = gnu99;
				GCC_WARN_64_TO_32_BIT_CONVERSION = YES;
				GCC_WARN_ABOUT_RETURN_TYPE = YES_ERROR;
				GCC_WARN_UNDECLARED_SELECTOR = YES;
				GCC_WARN_UNINITIALIZED_AUTOS = YES_AGGRESSIVE;
				GCC_WARN_UNUSED_FUNCTION = YES;
				GCC_WARN_UNUSED_VARIABLE = YES;
				IPHONEOS_DEPLOYMENT_TARGET = 7.1;
				SDKROOT = iphoneos;
				VALIDATE_PRODUCT = YES;
			};
			name = Release;
		};
		6EDEB47218EA499300923C26 /* Debug */ = {
			isa = XCBuildConfiguration;
			baseConfigurationReference = 79EC0D202DD24712B890A49A /* Pods.xcconfig */;
			buildSettings = {
				ASSETCATALOG_COMPILER_APPICON_NAME = AppIcon;
				ASSETCATALOG_COMPILER_LAUNCHIMAGE_NAME = LaunchImage;
				GCC_PRECOMPILE_PREFIX_HEADER = YES;
				GCC_PREFIX_HEADER = "RCHadotExample/RCHadotExample-Prefix.pch";
				INFOPLIST_FILE = "$(SRCROOT)/RCHadotExample/RCHadot-Info.plist";
				PRODUCT_NAME = "$(TARGET_NAME)";
				WRAPPER_EXTENSION = app;
			};
			name = Debug;
		};
		6EDEB47318EA499300923C26 /* Release */ = {
			isa = XCBuildConfiguration;
			baseConfigurationReference = 79EC0D202DD24712B890A49A /* Pods.xcconfig */;
			buildSettings = {
				ASSETCATALOG_COMPILER_APPICON_NAME = AppIcon;
				ASSETCATALOG_COMPILER_LAUNCHIMAGE_NAME = LaunchImage;
				GCC_PRECOMPILE_PREFIX_HEADER = YES;
				GCC_PREFIX_HEADER = "RCHadotExample/RCHadotExample-Prefix.pch";
				INFOPLIST_FILE = "$(SRCROOT)/RCHadotExample/RCHadot-Info.plist";
				PRODUCT_NAME = "$(TARGET_NAME)";
				WRAPPER_EXTENSION = app;
			};
			name = Release;
		};
/* End XCBuildConfiguration section */

/* Begin XCConfigurationList section */
		6E4B540918FCCA1200DA270A /* Build configuration list for PBXNativeTarget "RCHadot" */ = {
			isa = XCConfigurationList;
			buildConfigurations = (
				6E4B540A18FCCA1200DA270A /* Debug */,
				6E4B540B18FCCA1200DA270A /* Release */,
			);
			defaultConfigurationIsVisible = 0;
			defaultConfigurationName = Release;
		};
		6E4B540C18FCCA1200DA270A /* Build configuration list for PBXNativeTarget "RCHadotTests" */ = {
			isa = XCConfigurationList;
			buildConfigurations = (
				6E4B540D18FCCA1200DA270A /* Debug */,
				6E4B540E18FCCA1200DA270A /* Release */,
			);
			defaultConfigurationIsVisible = 0;
			defaultConfigurationName = Release;
		};
		6EDEB43A18EA499200923C26 /* Build configuration list for PBXProject "RCHadot" */ = {
			isa = XCConfigurationList;
			buildConfigurations = (
				6EDEB46F18EA499300923C26 /* Debug */,
				6EDEB47018EA499300923C26 /* Release */,
			);
			defaultConfigurationIsVisible = 0;
			defaultConfigurationName = Release;
		};
		6EDEB47118EA499300923C26 /* Build configuration list for PBXNativeTarget "RCHadotExample" */ = {
			isa = XCConfigurationList;
			buildConfigurations = (
				6EDEB47218EA499300923C26 /* Debug */,
				6EDEB47318EA499300923C26 /* Release */,
			);
			defaultConfigurationIsVisible = 0;
			defaultConfigurationName = Release;
		};
/* End XCConfigurationList section */
	};
	rootObject = 6EDEB43718EA499200923C26 /* Project object */;
}
